// !$*UTF8*$!
{
	archiveVersion = 1;
	classes = {
	};
	objectVersion = 46;
	objects = {

/* Begin PBXBuildFile section */
		752A34D4FC99409B88A1EA77 /* libPods-henews250.a in Frameworks */ = {isa = PBXBuildFile; fileRef = 2D06F7740EE8032606215613 /* libPods-henews250.a */; };
		D30741A81D50730300E4E394 /* DGReorderableCollectionViewFlowLayout.m in Sources */ = {isa = PBXBuildFile; fileRef = D30741A71D50730300E4E394 /* DGReorderableCollectionViewFlowLayout.m */; };
		D30C75D31D35C0FB00248DE0 /* IphoneParams.m in Sources */ = {isa = PBXBuildFile; fileRef = D30C75D21D35C0FB00248DE0 /* IphoneParams.m */; };
		D30C75D71D35D0FD00248DE0 /* UIColor+hexColor.m in Sources */ = {isa = PBXBuildFile; fileRef = D30C75D61D35D0FD00248DE0 /* UIColor+hexColor.m */; };
		D30E09481D40550E00954670 /* TagMode.m in Sources */ = {isa = PBXBuildFile; fileRef = D30E09471D40550E00954670 /* TagMode.m */; };
		D30E094C1D406B0C00954670 /* ThreeSmallPicCell.m in Sources */ = {isa = PBXBuildFile; fileRef = D30E094A1D406B0C00954670 /* ThreeSmallPicCell.m */; };
		D30E094D1D406B0C00954670 /* ThreeSmallPicCell.xib in Resources */ = {isa = PBXBuildFile; fileRef = D30E094B1D406B0C00954670 /* ThreeSmallPicCell.xib */; };
		D30E52781D6438AE0018FE6D /* CityManager.m in Sources */ = {isa = PBXBuildFile; fileRef = D30E52771D6438AE0018FE6D /* CityManager.m */; };
		D317BFCC1D795F6B00852ADC /* XMLDictionary.m in Sources */ = {isa = PBXBuildFile; fileRef = D317BFCB1D795F6B00852ADC /* XMLDictionary.m */; };
		D319C8891D387007002A84F5 /* SingleColMode.m in Sources */ = {isa = PBXBuildFile; fileRef = D319C8881D387007002A84F5 /* SingleColMode.m */; };
		D319C88C1D38705D002A84F5 /* AdMode.m in Sources */ = {isa = PBXBuildFile; fileRef = D319C88B1D38705D002A84F5 /* AdMode.m */; };
		D319C88F1D387307002A84F5 /* LoadingMode.m in Sources */ = {isa = PBXBuildFile; fileRef = D319C88E1D387307002A84F5 /* LoadingMode.m */; };
		D31A339F1D2B506700401658 /* IndexViewController.m in Sources */ = {isa = PBXBuildFile; fileRef = D31A339E1D2B506700401658 /* IndexViewController.m */; };
		D31A33A21D2B538800401658 /* BaseViewController.m in Sources */ = {isa = PBXBuildFile; fileRef = D31A33A11D2B538800401658 /* BaseViewController.m */; };
		D31AA0AC1D46F32F0036004A /* BaseMode.m in Sources */ = {isa = PBXBuildFile; fileRef = D31AA0AB1D46F32F0036004A /* BaseMode.m */; };
		D31AA0B01D46F3AE0036004A /* TierMode.m in Sources */ = {isa = PBXBuildFile; fileRef = D31AA0AF1D46F3AE0036004A /* TierMode.m */; };
		D31AA0B31D4707F80036004A /* TierManageMode.m in Sources */ = {isa = PBXBuildFile; fileRef = D31AA0B21D4707F80036004A /* TierManageMode.m */; };
		D31AA0B61D470B860036004A /* LocalTierMode.m in Sources */ = {isa = PBXBuildFile; fileRef = D31AA0B51D470B860036004A /* LocalTierMode.m */; };
		D31DE9F41D2C8DBC00D2B0AB /* GuidePage1.m in Sources */ = {isa = PBXBuildFile; fileRef = D31DE9F31D2C8DBC00D2B0AB /* GuidePage1.m */; };
		D31DE9F61D2C8DDE00D2B0AB /* GuidePage1.xib in Resources */ = {isa = PBXBuildFile; fileRef = D31DE9F51D2C8DDE00D2B0AB /* GuidePage1.xib */; };
		D31EC6871D7824F300F2B349 /* NetworkManager.m in Sources */ = {isa = PBXBuildFile; fileRef = D31EC6861D7824F300F2B349 /* NetworkManager.m */; };
		D31ED4031D3DBA34003C2A54 /* OneSmallPicCell.m in Sources */ = {isa = PBXBuildFile; fileRef = D31ED4011D3DBA34003C2A54 /* OneSmallPicCell.m */; };
		D31ED4041D3DBA34003C2A54 /* OneSmallPicCell.xib in Resources */ = {isa = PBXBuildFile; fileRef = D31ED4021D3DBA34003C2A54 /* OneSmallPicCell.xib */; };
		D31ED4501D3E18D6003C2A54 /* UIImageView+LoadFromWeb.m in Sources */ = {isa = PBXBuildFile; fileRef = D31ED44F1D3E18D6003C2A54 /* UIImageView+LoadFromWeb.m */; };
		D323750B1D4ADDA6003042C6 /* TierCollectionViewCell.m in Sources */ = {isa = PBXBuildFile; fileRef = D32375091D4ADDA6003042C6 /* TierCollectionViewCell.m */; };
		D323750C1D4ADDA6003042C6 /* TierCollectionViewCell.xib in Resources */ = {isa = PBXBuildFile; fileRef = D323750A1D4ADDA6003042C6 /* TierCollectionViewCell.xib */; };
		D32375101D4AE5B6003042C6 /* TierCollectionReusableView.m in Sources */ = {isa = PBXBuildFile; fileRef = D323750E1D4AE5B6003042C6 /* TierCollectionReusableView.m */; };
		D32375111D4AE5B6003042C6 /* TierCollectionReusableView.xib in Resources */ = {isa = PBXBuildFile; fileRef = D323750F1D4AE5B6003042C6 /* TierCollectionReusableView.xib */; };
		D3276A991D2A397D00A249C9 /* main.m in Sources */ = {isa = PBXBuildFile; fileRef = D3276A981D2A397D00A249C9 /* main.m */; };
		D3276A9C1D2A397D00A249C9 /* AppDelegate.m in Sources */ = {isa = PBXBuildFile; fileRef = D3276A9B1D2A397D00A249C9 /* AppDelegate.m */; };
		D3276AA21D2A397E00A249C9 /* Main.storyboard in Resources */ = {isa = PBXBuildFile; fileRef = D3276AA01D2A397E00A249C9 /* Main.storyboard */; };
		D3276AA41D2A397E00A249C9 /* Assets.xcassets in Resources */ = {isa = PBXBuildFile; fileRef = D3276AA31D2A397E00A249C9 /* Assets.xcassets */; };
		D3276AB21D2A397E00A249C9 /* henews250Tests.m in Sources */ = {isa = PBXBuildFile; fileRef = D3276AB11D2A397E00A249C9 /* henews250Tests.m */; };
		D3276ABD1D2A397E00A249C9 /* henews250UITests.m in Sources */ = {isa = PBXBuildFile; fileRef = D3276ABC1D2A397E00A249C9 /* henews250UITests.m */; };
		D32C368D1D321B3300431829 /* NewsViewController.m in Sources */ = {isa = PBXBuildFile; fileRef = D32C368C1D321B3300431829 /* NewsViewController.m */; };
		D32C36901D321B6200431829 /* ViewPointViewController.m in Sources */ = {isa = PBXBuildFile; fileRef = D32C368F1D321B6200431829 /* ViewPointViewController.m */; };
		D32C36931D321B8100431829 /* WelfareViewController.m in Sources */ = {isa = PBXBuildFile; fileRef = D32C36921D321B8100431829 /* WelfareViewController.m */; };
		D32C36961D321B8E00431829 /* MyViewController.m in Sources */ = {isa = PBXBuildFile; fileRef = D32C36951D321B8E00431829 /* MyViewController.m */; };
		D32C36991D321D6C00431829 /* UIViewController+LoadFromStoryboard.m in Sources */ = {isa = PBXBuildFile; fileRef = D32C36981D321D6C00431829 /* UIViewController+LoadFromStoryboard.m */; };
		D32C369C1D3223F800431829 /* XNTabBarButton.m in Sources */ = {isa = PBXBuildFile; fileRef = D32C369B1D3223F800431829 /* XNTabBarButton.m */; };
		D32D86641D46142C008D7216 /* ChannelMode.m in Sources */ = {isa = PBXBuildFile; fileRef = D32D86631D46142C008D7216 /* ChannelMode.m */; };
		D32D86671D462ED1008D7216 /* ChangeDataMode.m in Sources */ = {isa = PBXBuildFile; fileRef = D32D86661D462ED1008D7216 /* ChangeDataMode.m */; };
		D332651E1D2E19B6005C9D7D /* UIView+LoadFromNib.m in Sources */ = {isa = PBXBuildFile; fileRef = D332651D1D2E19B6005C9D7D /* UIView+LoadFromNib.m */; };
		D33265211D2E2FB1005C9D7D /* GuidePage2.m in Sources */ = {isa = PBXBuildFile; fileRef = D33265201D2E2FB1005C9D7D /* GuidePage2.m */; };
		D33265231D2E2FC3005C9D7D /* GuidePage2.xib in Resources */ = {isa = PBXBuildFile; fileRef = D33265221D2E2FC3005C9D7D /* GuidePage2.xib */; };
		D33265251D2E49B1005C9D7D /* GuidePage3.xib in Resources */ = {isa = PBXBuildFile; fileRef = D33265241D2E49B1005C9D7D /* GuidePage3.xib */; };
		D33265281D2E49C3005C9D7D /* GuidePage3.m in Sources */ = {isa = PBXBuildFile; fileRef = D33265271D2E49C3005C9D7D /* GuidePage3.m */; };
		D33265301D2E5DAE005C9D7D /* HomeController.m in Sources */ = {isa = PBXBuildFile; fileRef = D332652F1D2E5DAE005C9D7D /* HomeController.m */; };
		D33265331D2E6191005C9D7D /* XNTabBarView.m in Sources */ = {isa = PBXBuildFile; fileRef = D33265321D2E6191005C9D7D /* XNTabBarView.m */; };
		D33836711D40AF82008ADE4C /* OneBigPicCell.m in Sources */ = {isa = PBXBuildFile; fileRef = D338366F1D40AF82008ADE4C /* OneBigPicCell.m */; };
		D33836721D40AF82008ADE4C /* OneBigPicCell.xib in Resources */ = {isa = PBXBuildFile; fileRef = D33836701D40AF82008ADE4C /* OneBigPicCell.xib */; };
		D33836751D40CD44008ADE4C /* SectionView.m in Sources */ = {isa = PBXBuildFile; fileRef = D33836741D40CD44008ADE4C /* SectionView.m */; };
		D33836771D40CD9F008ADE4C /* SectionView.xib in Resources */ = {isa = PBXBuildFile; fileRef = D33836761D40CD9F008ADE4C /* SectionView.xib */; };
		D33A81071D499DF900F6F4D8 /* PullCollectionView.m in Sources */ = {isa = PBXBuildFile; fileRef = D33A81061D499DF900F6F4D8 /* PullCollectionView.m */; };
		D33A81531D4A12E100F6F4D8 /* PullCollectionViewFlowLayout.m in Sources */ = {isa = PBXBuildFile; fileRef = D33A81521D4A12E100F6F4D8 /* PullCollectionViewFlowLayout.m */; };
		D340C1311D640AB8007D4C3D /* CityMode.m in Sources */ = {isa = PBXBuildFile; fileRef = D340C1301D640AB8007D4C3D /* CityMode.m */; };
		D34F508A1D5466CC004B25C5 /* SubBaseViewController.m in Sources */ = {isa = PBXBuildFile; fileRef = D34F50891D5466CC004B25C5 /* SubBaseViewController.m */; };
		D34F508E1D546A3A004B25C5 /* SubPageHeadView.m in Sources */ = {isa = PBXBuildFile; fileRef = D34F508D1D546A3A004B25C5 /* SubPageHeadView.m */; };
		D34F50901D546A4D004B25C5 /* SubPageHeadView.xib in Resources */ = {isa = PBXBuildFile; fileRef = D34F508F1D546A4D004B25C5 /* SubPageHeadView.xib */; };
		D34F50931D5470D0004B25C5 /* CityViewController.m in Sources */ = {isa = PBXBuildFile; fileRef = D34F50921D5470D0004B25C5 /* CityViewController.m */; };
		D35BB1BF1D41B2DD000D6BFD /* UILabel+NeedWidthAndHeight.m in Sources */ = {isa = PBXBuildFile; fileRef = D35BB1BE1D41B2DD000D6BFD /* UILabel+NeedWidthAndHeight.m */; };
		D35BB1C61D41F46A000D6BFD /* BannerCell.m in Sources */ = {isa = PBXBuildFile; fileRef = D35BB1C41D41F46A000D6BFD /* BannerCell.m */; };
		D35BB1C71D41F46A000D6BFD /* BannerCell.xib in Resources */ = {isa = PBXBuildFile; fileRef = D35BB1C51D41F46A000D6BFD /* BannerCell.xib */; };
		D35BB1CD1D4220CE000D6BFD /* MyPageControl.m in Sources */ = {isa = PBXBuildFile; fileRef = D35BB1CC1D4220CE000D6BFD /* MyPageControl.m */; };
		D35BB1D01D422206000D6BFD /* BannerImageView.m in Sources */ = {isa = PBXBuildFile; fileRef = D35BB1CF1D422206000D6BFD /* BannerImageView.m */; };
		D35BB1D21D42221D000D6BFD /* BannerImageView.xib in Resources */ = {isa = PBXBuildFile; fileRef = D35BB1D11D42221D000D6BFD /* BannerImageView.xib */; };
		D36150461D5D6D14003779A5 /* CityListMode.m in Sources */ = {isa = PBXBuildFile; fileRef = D36150451D5D6D14003779A5 /* CityListMode.m */; };
		D36150491D5D6DB5003779A5 /* CityListItemMode.m in Sources */ = {isa = PBXBuildFile; fileRef = D36150481D5D6DB5003779A5 /* CityListItemMode.m */; };
		D3640C871D62F3BF008049E4 /* CityListCell.m in Sources */ = {isa = PBXBuildFile; fileRef = D3640C851D62F3BF008049E4 /* CityListCell.m */; };
		D3640C881D62F3BF008049E4 /* CityListCell.xib in Resources */ = {isa = PBXBuildFile; fileRef = D3640C861D62F3BF008049E4 /* CityListCell.xib */; };
		D3640C8B1D62F60B008049E4 /* CityListSectionView.m in Sources */ = {isa = PBXBuildFile; fileRef = D3640C8A1D62F60B008049E4 /* CityListSectionView.m */; };
		D3640C8D1D62F618008049E4 /* CityListSectionView.xib in Resources */ = {isa = PBXBuildFile; fileRef = D3640C8C1D62F618008049E4 /* CityListSectionView.xib */; };
		D3640C931D631E70008049E4 /* CLLocation+MPLocation.m in Sources */ = {isa = PBXBuildFile; fileRef = D3640C901D631E70008049E4 /* CLLocation+MPLocation.m */; };
		D3640C941D631E70008049E4 /* MPLocationManager.m in Sources */ = {isa = PBXBuildFile; fileRef = D3640C921D631E70008049E4 /* MPLocationManager.m */; };
		D37007E51D34CA19007E2AA3 /* MD5.m in Sources */ = {isa = PBXBuildFile; fileRef = D37007E41D34CA19007E2AA3 /* MD5.m */; };
		D3805DCC1D741EB500B6FAE5 /* NetworkHandler.m in Sources */ = {isa = PBXBuildFile; fileRef = D3805DCB1D741EB500B6FAE5 /* NetworkHandler.m */; };
		D3805DCF1D7427D600B6FAE5 /* NetworkItem.m in Sources */ = {isa = PBXBuildFile; fileRef = D3805DCE1D7427D600B6FAE5 /* NetworkItem.m */; };
		D38DF7261D3F72840042A241 /* NewsCellFactory.m in Sources */ = {isa = PBXBuildFile; fileRef = D38DF7251D3F72840042A241 /* NewsCellFactory.m */; };
		D38DF7291D3F75CD0042A241 /* BaseCell.m in Sources */ = {isa = PBXBuildFile; fileRef = D38DF7281D3F75CD0042A241 /* BaseCell.m */; };
		D38DF72D1D3F7C7C0042A241 /* EveryOneCell.m in Sources */ = {isa = PBXBuildFile; fileRef = D38DF72B1D3F7C7C0042A241 /* EveryOneCell.m */; };
		D38DF72E1D3F7C7C0042A241 /* EveryOneCell.xib in Resources */ = {isa = PBXBuildFile; fileRef = D38DF72C1D3F7C7C0042A241 /* EveryOneCell.xib */; };
		D3C4EC641D485F1D002D4BC9 /* TierManageView.m in Sources */ = {isa = PBXBuildFile; fileRef = D3C4EC631D485F1D002D4BC9 /* TierManageView.m */; };
		D3C4EC661D485F37002D4BC9 /* TierManageView.xib in Resources */ = {isa = PBXBuildFile; fileRef = D3C4EC651D485F37002D4BC9 /* TierManageView.xib */; };
		D3C4EC691D485FF6002D4BC9 /* TierHeadView.m in Sources */ = {isa = PBXBuildFile; fileRef = D3C4EC681D485FF6002D4BC9 /* TierHeadView.m */; };
		D3C4EC6B1D48600F002D4BC9 /* TierHeadView.xib in Resources */ = {isa = PBXBuildFile; fileRef = D3C4EC6A1D48600F002D4BC9 /* TierHeadView.xib */; };
		D3CEF61B1D3C6FA500696FF5 /* UIView+SetAllSubViewHidden.m in Sources */ = {isa = PBXBuildFile; fileRef = D3CEF61A1D3C6FA500696FF5 /* UIView+SetAllSubViewHidden.m */; };
		D3CEF61F1D3CAB1100696FF5 /* BannerMode.m in Sources */ = {isa = PBXBuildFile; fileRef = D3CEF61E1D3CAB1100696FF5 /* BannerMode.m */; };
		D3CEF6251D3CAE5100696FF5 /* NewsMode.m in Sources */ = {isa = PBXBuildFile; fileRef = D3CEF6241D3CAE5100696FF5 /* NewsMode.m */; };
		D3CEF6281D3CAE6600696FF5 /* ImageMode.m in Sources */ = {isa = PBXBuildFile; fileRef = D3CEF6271D3CAE6600696FF5 /* ImageMode.m */; };
		D3CEF62B1D3CB07600696FF5 /* NodeMode.m in Sources */ = {isa = PBXBuildFile; fileRef = D3CEF62A1D3CB07600696FF5 /* NodeMode.m */; };
		D3CEF62E1D3CB21100696FF5 /* HomeMode.m in Sources */ = {isa = PBXBuildFile; fileRef = D3CEF62D1D3CB21100696FF5 /* HomeMode.m */; };
/* End PBXBuildFile section */

/* Begin PBXContainerItemProxy section */
		D3276AAE1D2A397E00A249C9 /* PBXContainerItemProxy */ = {
			isa = PBXContainerItemProxy;
			containerPortal = D3276A8C1D2A397D00A249C9 /* Project object */;
			proxyType = 1;
			remoteGlobalIDString = D3276A931D2A397D00A249C9;
			remoteInfo = henews250;
		};
		D3276AB91D2A397E00A249C9 /* PBXContainerItemProxy */ = {
			isa = PBXContainerItemProxy;
			containerPortal = D3276A8C1D2A397D00A249C9 /* Project object */;
			proxyType = 1;
			remoteGlobalIDString = D3276A931D2A397D00A249C9;
			remoteInfo = henews250;
		};
/* End PBXContainerItemProxy section */

/* Begin PBXFileReference section */
		0F1B0BA5B35693201F6AF262 /* Pods-henews250.release.xcconfig */ = {isa = PBXFileReference; includeInIndex = 1; lastKnownFileType = text.xcconfig; name = "Pods-henews250.release.xcconfig"; path = "Pods/Target Support Files/Pods-henews250/Pods-henews250.release.xcconfig"; sourceTree = "<group>"; };
		2D06F7740EE8032606215613 /* libPods-henews250.a */ = {isa = PBXFileReference; explicitFileType = archive.ar; includeInIndex = 0; path = "libPods-henews250.a"; sourceTree = BUILT_PRODUCTS_DIR; };
		6AB5DACB1C464969CC9EC547 /* Pods-henews250.releasetest.xcconfig */ = {isa = PBXFileReference; includeInIndex = 1; lastKnownFileType = text.xcconfig; name = "Pods-henews250.releasetest.xcconfig"; path = "Pods/Target Support Files/Pods-henews250/Pods-henews250.releasetest.xcconfig"; sourceTree = "<group>"; };
		CB1839BE97A4F2C58E0731CF /* Pods-henews250.debug.xcconfig */ = {isa = PBXFileReference; includeInIndex = 1; lastKnownFileType = text.xcconfig; name = "Pods-henews250.debug.xcconfig"; path = "Pods/Target Support Files/Pods-henews250/Pods-henews250.debug.xcconfig"; sourceTree = "<group>"; };
		D30741A61D50730300E4E394 /* DGReorderableCollectionViewFlowLayout.h */ = {isa = PBXFileReference; fileEncoding = 4; lastKnownFileType = sourcecode.c.h; path = DGReorderableCollectionViewFlowLayout.h; sourceTree = "<group>"; };
		D30741A71D50730300E4E394 /* DGReorderableCollectionViewFlowLayout.m */ = {isa = PBXFileReference; fileEncoding = 4; lastKnownFileType = sourcecode.c.objc; path = DGReorderableCollectionViewFlowLayout.m; sourceTree = "<group>"; };
		D30C75D11D35C0FB00248DE0 /* IphoneParams.h */ = {isa = PBXFileReference; fileEncoding = 4; lastKnownFileType = sourcecode.c.h; path = IphoneParams.h; sourceTree = "<group>"; };
		D30C75D21D35C0FB00248DE0 /* IphoneParams.m */ = {isa = PBXFileReference; fileEncoding = 4; lastKnownFileType = sourcecode.c.objc; path = IphoneParams.m; sourceTree = "<group>"; };
		D30C75D51D35D0FD00248DE0 /* UIColor+hexColor.h */ = {isa = PBXFileReference; fileEncoding = 4; lastKnownFileType = sourcecode.c.h; path = "UIColor+hexColor.h"; sourceTree = "<group>"; };
		D30C75D61D35D0FD00248DE0 /* UIColor+hexColor.m */ = {isa = PBXFileReference; fileEncoding = 4; lastKnownFileType = sourcecode.c.objc; path = "UIColor+hexColor.m"; sourceTree = "<group>"; };
		D30E09461D40550E00954670 /* TagMode.h */ = {isa = PBXFileReference; fileEncoding = 4; lastKnownFileType = sourcecode.c.h; path = TagMode.h; sourceTree = "<group>"; };
		D30E09471D40550E00954670 /* TagMode.m */ = {isa = PBXFileReference; fileEncoding = 4; lastKnownFileType = sourcecode.c.objc; path = TagMode.m; sourceTree = "<group>"; };
		D30E09491D406B0C00954670 /* ThreeSmallPicCell.h */ = {isa = PBXFileReference; fileEncoding = 4; lastKnownFileType = sourcecode.c.h; path = ThreeSmallPicCell.h; sourceTree = "<group>"; };
		D30E094A1D406B0C00954670 /* ThreeSmallPicCell.m */ = {isa = PBXFileReference; fileEncoding = 4; lastKnownFileType = sourcecode.c.objc; path = ThreeSmallPicCell.m; sourceTree = "<group>"; };
		D30E094B1D406B0C00954670 /* ThreeSmallPicCell.xib */ = {isa = PBXFileReference; fileEncoding = 4; lastKnownFileType = file.xib; path = ThreeSmallPicCell.xib; sourceTree = "<group>"; };
		D30E52761D6438AE0018FE6D /* CityManager.h */ = {isa = PBXFileReference; fileEncoding = 4; lastKnownFileType = sourcecode.c.h; path = CityManager.h; sourceTree = "<group>"; };
		D30E52771D6438AE0018FE6D /* CityManager.m */ = {isa = PBXFileReference; fileEncoding = 4; lastKnownFileType = sourcecode.c.objc; path = CityManager.m; sourceTree = "<group>"; };
		D31346141D66997700871FB8 /* NetworkUrl.h */ = {isa = PBXFileReference; lastKnownFileType = sourcecode.c.h; path = NetworkUrl.h; sourceTree = "<group>"; };
		D31346151D669CDD00871FB8 /* NetworkDefine.h */ = {isa = PBXFileReference; lastKnownFileType = sourcecode.c.h; path = NetworkDefine.h; sourceTree = "<group>"; };
		D317BFCA1D795F6B00852ADC /* XMLDictionary.h */ = {isa = PBXFileReference; fileEncoding = 4; lastKnownFileType = sourcecode.c.h; path = XMLDictionary.h; sourceTree = "<group>"; };
		D317BFCB1D795F6B00852ADC /* XMLDictionary.m */ = {isa = PBXFileReference; fileEncoding = 4; lastKnownFileType = sourcecode.c.objc; path = XMLDictionary.m; sourceTree = "<group>"; };
		D319C8871D387007002A84F5 /* SingleColMode.h */ = {isa = PBXFileReference; fileEncoding = 4; lastKnownFileType = sourcecode.c.h; path = SingleColMode.h; sourceTree = "<group>"; };
		D319C8881D387007002A84F5 /* SingleColMode.m */ = {isa = PBXFileReference; fileEncoding = 4; lastKnownFileType = sourcecode.c.objc; path = SingleColMode.m; sourceTree = "<group>"; };
		D319C88A1D38705D002A84F5 /* AdMode.h */ = {isa = PBXFileReference; fileEncoding = 4; lastKnownFileType = sourcecode.c.h; path = AdMode.h; sourceTree = "<group>"; };
		D319C88B1D38705D002A84F5 /* AdMode.m */ = {isa = PBXFileReference; fileEncoding = 4; lastKnownFileType = sourcecode.c.objc; path = AdMode.m; sourceTree = "<group>"; };
		D319C88D1D387307002A84F5 /* LoadingMode.h */ = {isa = PBXFileReference; fileEncoding = 4; lastKnownFileType = sourcecode.c.h; path = LoadingMode.h; sourceTree = "<group>"; };
		D319C88E1D387307002A84F5 /* LoadingMode.m */ = {isa = PBXFileReference; fileEncoding = 4; lastKnownFileType = sourcecode.c.objc; path = LoadingMode.m; sourceTree = "<group>"; };
		D31A339D1D2B506700401658 /* IndexViewController.h */ = {isa = PBXFileReference; fileEncoding = 4; lastKnownFileType = sourcecode.c.h; path = IndexViewController.h; sourceTree = "<group>"; };
		D31A339E1D2B506700401658 /* IndexViewController.m */ = {isa = PBXFileReference; fileEncoding = 4; lastKnownFileType = sourcecode.c.objc; path = IndexViewController.m; sourceTree = "<group>"; };
		D31A33A01D2B538800401658 /* BaseViewController.h */ = {isa = PBXFileReference; fileEncoding = 4; lastKnownFileType = sourcecode.c.h; path = BaseViewController.h; sourceTree = "<group>"; };
		D31A33A11D2B538800401658 /* BaseViewController.m */ = {isa = PBXFileReference; fileEncoding = 4; lastKnownFileType = sourcecode.c.objc; path = BaseViewController.m; sourceTree = "<group>"; };
		D31AA0AA1D46F32F0036004A /* BaseMode.h */ = {isa = PBXFileReference; fileEncoding = 4; lastKnownFileType = sourcecode.c.h; path = BaseMode.h; sourceTree = "<group>"; };
		D31AA0AB1D46F32F0036004A /* BaseMode.m */ = {isa = PBXFileReference; fileEncoding = 4; lastKnownFileType = sourcecode.c.objc; path = BaseMode.m; sourceTree = "<group>"; };
		D31AA0AE1D46F3AE0036004A /* TierMode.h */ = {isa = PBXFileReference; fileEncoding = 4; lastKnownFileType = sourcecode.c.h; path = TierMode.h; sourceTree = "<group>"; };
		D31AA0AF1D46F3AE0036004A /* TierMode.m */ = {isa = PBXFileReference; fileEncoding = 4; lastKnownFileType = sourcecode.c.objc; path = TierMode.m; sourceTree = "<group>"; };
		D31AA0B11D4707F80036004A /* TierManageMode.h */ = {isa = PBXFileReference; fileEncoding = 4; lastKnownFileType = sourcecode.c.h; path = TierManageMode.h; sourceTree = "<group>"; };
		D31AA0B21D4707F80036004A /* TierManageMode.m */ = {isa = PBXFileReference; fileEncoding = 4; lastKnownFileType = sourcecode.c.objc; path = TierManageMode.m; sourceTree = "<group>"; };
		D31AA0B41D470B860036004A /* LocalTierMode.h */ = {isa = PBXFileReference; fileEncoding = 4; lastKnownFileType = sourcecode.c.h; path = LocalTierMode.h; sourceTree = "<group>"; };
		D31AA0B51D470B860036004A /* LocalTierMode.m */ = {isa = PBXFileReference; fileEncoding = 4; lastKnownFileType = sourcecode.c.objc; path = LocalTierMode.m; sourceTree = "<group>"; };
		D31DE9F21D2C8DBC00D2B0AB /* GuidePage1.h */ = {isa = PBXFileReference; fileEncoding = 4; lastKnownFileType = sourcecode.c.h; path = GuidePage1.h; sourceTree = "<group>"; };
		D31DE9F31D2C8DBC00D2B0AB /* GuidePage1.m */ = {isa = PBXFileReference; fileEncoding = 4; lastKnownFileType = sourcecode.c.objc; path = GuidePage1.m; sourceTree = "<group>"; };
		D31DE9F51D2C8DDE00D2B0AB /* GuidePage1.xib */ = {isa = PBXFileReference; fileEncoding = 4; lastKnownFileType = file.xib; path = GuidePage1.xib; sourceTree = "<group>"; };
		D31EC6851D7824F300F2B349 /* NetworkManager.h */ = {isa = PBXFileReference; fileEncoding = 4; lastKnownFileType = sourcecode.c.h; path = NetworkManager.h; sourceTree = "<group>"; };
		D31EC6861D7824F300F2B349 /* NetworkManager.m */ = {isa = PBXFileReference; fileEncoding = 4; lastKnownFileType = sourcecode.c.objc; path = NetworkManager.m; sourceTree = "<group>"; };
		D31ED4001D3DBA34003C2A54 /* OneSmallPicCell.h */ = {isa = PBXFileReference; fileEncoding = 4; lastKnownFileType = sourcecode.c.h; path = OneSmallPicCell.h; sourceTree = "<group>"; };
		D31ED4011D3DBA34003C2A54 /* OneSmallPicCell.m */ = {isa = PBXFileReference; fileEncoding = 4; lastKnownFileType = sourcecode.c.objc; path = OneSmallPicCell.m; sourceTree = "<group>"; };
		D31ED4021D3DBA34003C2A54 /* OneSmallPicCell.xib */ = {isa = PBXFileReference; fileEncoding = 4; lastKnownFileType = file.xib; path = OneSmallPicCell.xib; sourceTree = "<group>"; };
		D31ED44E1D3E18D6003C2A54 /* UIImageView+LoadFromWeb.h */ = {isa = PBXFileReference; fileEncoding = 4; lastKnownFileType = sourcecode.c.h; path = "UIImageView+LoadFromWeb.h"; sourceTree = "<group>"; };
		D31ED44F1D3E18D6003C2A54 /* UIImageView+LoadFromWeb.m */ = {isa = PBXFileReference; fileEncoding = 4; lastKnownFileType = sourcecode.c.objc; path = "UIImageView+LoadFromWeb.m"; sourceTree = "<group>"; };
		D32375081D4ADDA6003042C6 /* TierCollectionViewCell.h */ = {isa = PBXFileReference; fileEncoding = 4; lastKnownFileType = sourcecode.c.h; path = TierCollectionViewCell.h; sourceTree = "<group>"; };
		D32375091D4ADDA6003042C6 /* TierCollectionViewCell.m */ = {isa = PBXFileReference; fileEncoding = 4; lastKnownFileType = sourcecode.c.objc; path = TierCollectionViewCell.m; sourceTree = "<group>"; };
		D323750A1D4ADDA6003042C6 /* TierCollectionViewCell.xib */ = {isa = PBXFileReference; fileEncoding = 4; lastKnownFileType = file.xib; path = TierCollectionViewCell.xib; sourceTree = "<group>"; };
		D323750D1D4AE5B6003042C6 /* TierCollectionReusableView.h */ = {isa = PBXFileReference; fileEncoding = 4; lastKnownFileType = sourcecode.c.h; path = TierCollectionReusableView.h; sourceTree = "<group>"; };
		D323750E1D4AE5B6003042C6 /* TierCollectionReusableView.m */ = {isa = PBXFileReference; fileEncoding = 4; lastKnownFileType = sourcecode.c.objc; path = TierCollectionReusableView.m; sourceTree = "<group>"; };
		D323750F1D4AE5B6003042C6 /* TierCollectionReusableView.xib */ = {isa = PBXFileReference; fileEncoding = 4; lastKnownFileType = file.xib; path = TierCollectionReusableView.xib; sourceTree = "<group>"; };
		D3276A941D2A397D00A249C9 /* 和新闻.app */ = {isa = PBXFileReference; explicitFileType = wrapper.application; includeInIndex = 0; path = "和新闻.app"; sourceTree = BUILT_PRODUCTS_DIR; };
		D3276A981D2A397D00A249C9 /* main.m */ = {isa = PBXFileReference; lastKnownFileType = sourcecode.c.objc; path = main.m; sourceTree = "<group>"; };
		D3276A9A1D2A397D00A249C9 /* AppDelegate.h */ = {isa = PBXFileReference; lastKnownFileType = sourcecode.c.h; path = AppDelegate.h; sourceTree = "<group>"; };
		D3276A9B1D2A397D00A249C9 /* AppDelegate.m */ = {isa = PBXFileReference; lastKnownFileType = sourcecode.c.objc; path = AppDelegate.m; sourceTree = "<group>"; };
		D3276AA11D2A397E00A249C9 /* Base */ = {isa = PBXFileReference; lastKnownFileType = file.storyboard; name = Base; path = Base.lproj/Main.storyboard; sourceTree = "<group>"; };
		D3276AA31D2A397E00A249C9 /* Assets.xcassets */ = {isa = PBXFileReference; lastKnownFileType = folder.assetcatalog; path = Assets.xcassets; sourceTree = "<group>"; };
		D3276AA81D2A397E00A249C9 /* Info.plist */ = {isa = PBXFileReference; lastKnownFileType = text.plist.xml; path = Info.plist; sourceTree = "<group>"; };
		D3276AAD1D2A397E00A249C9 /* henews250Tests.xctest */ = {isa = PBXFileReference; explicitFileType = wrapper.cfbundle; includeInIndex = 0; path = henews250Tests.xctest; sourceTree = BUILT_PRODUCTS_DIR; };
		D3276AB11D2A397E00A249C9 /* henews250Tests.m */ = {isa = PBXFileReference; lastKnownFileType = sourcecode.c.objc; path = henews250Tests.m; sourceTree = "<group>"; };
		D3276AB31D2A397E00A249C9 /* Info.plist */ = {isa = PBXFileReference; lastKnownFileType = text.plist.xml; path = Info.plist; sourceTree = "<group>"; };
		D3276AB81D2A397E00A249C9 /* henews250UITests.xctest */ = {isa = PBXFileReference; explicitFileType = wrapper.cfbundle; includeInIndex = 0; path = henews250UITests.xctest; sourceTree = BUILT_PRODUCTS_DIR; };
		D3276ABC1D2A397E00A249C9 /* henews250UITests.m */ = {isa = PBXFileReference; lastKnownFileType = sourcecode.c.objc; path = henews250UITests.m; sourceTree = "<group>"; };
		D3276ABE1D2A397E00A249C9 /* Info.plist */ = {isa = PBXFileReference; lastKnownFileType = text.plist.xml; path = Info.plist; sourceTree = "<group>"; };
		D32C368B1D321B3300431829 /* NewsViewController.h */ = {isa = PBXFileReference; fileEncoding = 4; lastKnownFileType = sourcecode.c.h; path = NewsViewController.h; sourceTree = "<group>"; };
		D32C368C1D321B3300431829 /* NewsViewController.m */ = {isa = PBXFileReference; fileEncoding = 4; lastKnownFileType = sourcecode.c.objc; path = NewsViewController.m; sourceTree = "<group>"; };
		D32C368E1D321B6200431829 /* ViewPointViewController.h */ = {isa = PBXFileReference; fileEncoding = 4; lastKnownFileType = sourcecode.c.h; path = ViewPointViewController.h; sourceTree = "<group>"; };
		D32C368F1D321B6200431829 /* ViewPointViewController.m */ = {isa = PBXFileReference; fileEncoding = 4; lastKnownFileType = sourcecode.c.objc; path = ViewPointViewController.m; sourceTree = "<group>"; };
		D32C36911D321B8100431829 /* WelfareViewController.h */ = {isa = PBXFileReference; fileEncoding = 4; lastKnownFileType = sourcecode.c.h; path = WelfareViewController.h; sourceTree = "<group>"; };
		D32C36921D321B8100431829 /* WelfareViewController.m */ = {isa = PBXFileReference; fileEncoding = 4; lastKnownFileType = sourcecode.c.objc; path = WelfareViewController.m; sourceTree = "<group>"; };
		D32C36941D321B8E00431829 /* MyViewController.h */ = {isa = PBXFileReference; fileEncoding = 4; lastKnownFileType = sourcecode.c.h; path = MyViewController.h; sourceTree = "<group>"; };
		D32C36951D321B8E00431829 /* MyViewController.m */ = {isa = PBXFileReference; fileEncoding = 4; lastKnownFileType = sourcecode.c.objc; path = MyViewController.m; sourceTree = "<group>"; };
		D32C36971D321D6C00431829 /* UIViewController+LoadFromStoryboard.h */ = {isa = PBXFileReference; fileEncoding = 4; lastKnownFileType = sourcecode.c.h; path = "UIViewController+LoadFromStoryboard.h"; sourceTree = "<group>"; };
		D32C36981D321D6C00431829 /* UIViewController+LoadFromStoryboard.m */ = {isa = PBXFileReference; fileEncoding = 4; lastKnownFileType = sourcecode.c.objc; path = "UIViewController+LoadFromStoryboard.m"; sourceTree = "<group>"; };
		D32C369A1D3223F800431829 /* XNTabBarButton.h */ = {isa = PBXFileReference; fileEncoding = 4; lastKnownFileType = sourcecode.c.h; path = XNTabBarButton.h; sourceTree = "<group>"; };
		D32C369B1D3223F800431829 /* XNTabBarButton.m */ = {isa = PBXFileReference; fileEncoding = 4; lastKnownFileType = sourcecode.c.objc; path = XNTabBarButton.m; sourceTree = "<group>"; };
		D32D86621D46142C008D7216 /* ChannelMode.h */ = {isa = PBXFileReference; fileEncoding = 4; lastKnownFileType = sourcecode.c.h; path = ChannelMode.h; sourceTree = "<group>"; };
		D32D86631D46142C008D7216 /* ChannelMode.m */ = {isa = PBXFileReference; fileEncoding = 4; lastKnownFileType = sourcecode.c.objc; path = ChannelMode.m; sourceTree = "<group>"; };
		D32D86651D462ED1008D7216 /* ChangeDataMode.h */ = {isa = PBXFileReference; fileEncoding = 4; lastKnownFileType = sourcecode.c.h; path = ChangeDataMode.h; sourceTree = "<group>"; };
		D32D86661D462ED1008D7216 /* ChangeDataMode.m */ = {isa = PBXFileReference; fileEncoding = 4; lastKnownFileType = sourcecode.c.objc; path = ChangeDataMode.m; sourceTree = "<group>"; };
		D332651C1D2E19B6005C9D7D /* UIView+LoadFromNib.h */ = {isa = PBXFileReference; fileEncoding = 4; lastKnownFileType = sourcecode.c.h; path = "UIView+LoadFromNib.h"; sourceTree = "<group>"; };
		D332651D1D2E19B6005C9D7D /* UIView+LoadFromNib.m */ = {isa = PBXFileReference; fileEncoding = 4; lastKnownFileType = sourcecode.c.objc; path = "UIView+LoadFromNib.m"; sourceTree = "<group>"; };
		D332651F1D2E2FB1005C9D7D /* GuidePage2.h */ = {isa = PBXFileReference; fileEncoding = 4; lastKnownFileType = sourcecode.c.h; path = GuidePage2.h; sourceTree = "<group>"; };
		D33265201D2E2FB1005C9D7D /* GuidePage2.m */ = {isa = PBXFileReference; fileEncoding = 4; lastKnownFileType = sourcecode.c.objc; path = GuidePage2.m; sourceTree = "<group>"; };
		D33265221D2E2FC3005C9D7D /* GuidePage2.xib */ = {isa = PBXFileReference; fileEncoding = 4; lastKnownFileType = file.xib; path = GuidePage2.xib; sourceTree = "<group>"; };
		D33265241D2E49B1005C9D7D /* GuidePage3.xib */ = {isa = PBXFileReference; fileEncoding = 4; lastKnownFileType = file.xib; path = GuidePage3.xib; sourceTree = "<group>"; };
		D33265261D2E49C3005C9D7D /* GuidePage3.h */ = {isa = PBXFileReference; fileEncoding = 4; lastKnownFileType = sourcecode.c.h; path = GuidePage3.h; sourceTree = "<group>"; };
		D33265271D2E49C3005C9D7D /* GuidePage3.m */ = {isa = PBXFileReference; fileEncoding = 4; lastKnownFileType = sourcecode.c.objc; path = GuidePage3.m; sourceTree = "<group>"; };
		D332652E1D2E5DAE005C9D7D /* HomeController.h */ = {isa = PBXFileReference; fileEncoding = 4; lastKnownFileType = sourcecode.c.h; path = HomeController.h; sourceTree = "<group>"; };
		D332652F1D2E5DAE005C9D7D /* HomeController.m */ = {isa = PBXFileReference; fileEncoding = 4; lastKnownFileType = sourcecode.c.objc; path = HomeController.m; sourceTree = "<group>"; };
		D33265311D2E6191005C9D7D /* XNTabBarView.h */ = {isa = PBXFileReference; fileEncoding = 4; lastKnownFileType = sourcecode.c.h; path = XNTabBarView.h; sourceTree = "<group>"; };
		D33265321D2E6191005C9D7D /* XNTabBarView.m */ = {isa = PBXFileReference; fileEncoding = 4; lastKnownFileType = sourcecode.c.objc; path = XNTabBarView.m; sourceTree = "<group>"; };
		D338366E1D40AF82008ADE4C /* OneBigPicCell.h */ = {isa = PBXFileReference; fileEncoding = 4; lastKnownFileType = sourcecode.c.h; path = OneBigPicCell.h; sourceTree = "<group>"; };
		D338366F1D40AF82008ADE4C /* OneBigPicCell.m */ = {isa = PBXFileReference; fileEncoding = 4; lastKnownFileType = sourcecode.c.objc; path = OneBigPicCell.m; sourceTree = "<group>"; };
		D33836701D40AF82008ADE4C /* OneBigPicCell.xib */ = {isa = PBXFileReference; fileEncoding = 4; lastKnownFileType = file.xib; path = OneBigPicCell.xib; sourceTree = "<group>"; };
		D33836731D40CD44008ADE4C /* SectionView.h */ = {isa = PBXFileReference; fileEncoding = 4; lastKnownFileType = sourcecode.c.h; path = SectionView.h; sourceTree = "<group>"; };
		D33836741D40CD44008ADE4C /* SectionView.m */ = {isa = PBXFileReference; fileEncoding = 4; lastKnownFileType = sourcecode.c.objc; path = SectionView.m; sourceTree = "<group>"; };
		D33836761D40CD9F008ADE4C /* SectionView.xib */ = {isa = PBXFileReference; fileEncoding = 4; lastKnownFileType = file.xib; path = SectionView.xib; sourceTree = "<group>"; };
		D33A642E1D62AEBF00102968 /* CommonConfig.xcconfig */ = {isa = PBXFileReference; lastKnownFileType = text.xcconfig; path = CommonConfig.xcconfig; sourceTree = "<group>"; };
		D33A642F1D62AEF300102968 /* DebugConfig.xcconfig */ = {isa = PBXFileReference; lastKnownFileType = text.xcconfig; path = DebugConfig.xcconfig; sourceTree = "<group>"; };
		D33A64301D62AF4900102968 /* ReleaseConfig.xcconfig */ = {isa = PBXFileReference; lastKnownFileType = text.xcconfig; path = ReleaseConfig.xcconfig; sourceTree = "<group>"; };
		D33A64311D62AF6900102968 /* ReleaseTestConfig.xcconfig */ = {isa = PBXFileReference; lastKnownFileType = text.xcconfig; path = ReleaseTestConfig.xcconfig; sourceTree = "<group>"; };
		D33A81051D499DF900F6F4D8 /* PullCollectionView.h */ = {isa = PBXFileReference; fileEncoding = 4; lastKnownFileType = sourcecode.c.h; path = PullCollectionView.h; sourceTree = "<group>"; };
		D33A81061D499DF900F6F4D8 /* PullCollectionView.m */ = {isa = PBXFileReference; fileEncoding = 4; lastKnownFileType = sourcecode.c.objc; path = PullCollectionView.m; sourceTree = "<group>"; };
		D33A81511D4A12E100F6F4D8 /* PullCollectionViewFlowLayout.h */ = {isa = PBXFileReference; fileEncoding = 4; lastKnownFileType = sourcecode.c.h; path = PullCollectionViewFlowLayout.h; sourceTree = "<group>"; };
		D33A81521D4A12E100F6F4D8 /* PullCollectionViewFlowLayout.m */ = {isa = PBXFileReference; fileEncoding = 4; lastKnownFileType = sourcecode.c.objc; path = PullCollectionViewFlowLayout.m; sourceTree = "<group>"; };
		D340C12F1D640AB8007D4C3D /* CityMode.h */ = {isa = PBXFileReference; fileEncoding = 4; lastKnownFileType = sourcecode.c.h; path = CityMode.h; sourceTree = "<group>"; };
		D340C1301D640AB8007D4C3D /* CityMode.m */ = {isa = PBXFileReference; fileEncoding = 4; lastKnownFileType = sourcecode.c.objc; path = CityMode.m; sourceTree = "<group>"; };
		D34F50881D5466CC004B25C5 /* SubBaseViewController.h */ = {isa = PBXFileReference; fileEncoding = 4; lastKnownFileType = sourcecode.c.h; path = SubBaseViewController.h; sourceTree = "<group>"; };
		D34F50891D5466CC004B25C5 /* SubBaseViewController.m */ = {isa = PBXFileReference; fileEncoding = 4; lastKnownFileType = sourcecode.c.objc; path = SubBaseViewController.m; sourceTree = "<group>"; };
		D34F508C1D546A3A004B25C5 /* SubPageHeadView.h */ = {isa = PBXFileReference; fileEncoding = 4; lastKnownFileType = sourcecode.c.h; path = SubPageHeadView.h; sourceTree = "<group>"; };
		D34F508D1D546A3A004B25C5 /* SubPageHeadView.m */ = {isa = PBXFileReference; fileEncoding = 4; lastKnownFileType = sourcecode.c.objc; path = SubPageHeadView.m; sourceTree = "<group>"; };
		D34F508F1D546A4D004B25C5 /* SubPageHeadView.xib */ = {isa = PBXFileReference; fileEncoding = 4; lastKnownFileType = file.xib; path = SubPageHeadView.xib; sourceTree = "<group>"; };
		D34F50911D5470D0004B25C5 /* CityViewController.h */ = {isa = PBXFileReference; fileEncoding = 4; lastKnownFileType = sourcecode.c.h; path = CityViewController.h; sourceTree = "<group>"; };
		D34F50921D5470D0004B25C5 /* CityViewController.m */ = {isa = PBXFileReference; fileEncoding = 4; lastKnownFileType = sourcecode.c.objc; path = CityViewController.m; sourceTree = "<group>"; };
		D35BB1BD1D41B2DD000D6BFD /* UILabel+NeedWidthAndHeight.h */ = {isa = PBXFileReference; fileEncoding = 4; lastKnownFileType = sourcecode.c.h; path = "UILabel+NeedWidthAndHeight.h"; sourceTree = "<group>"; };
		D35BB1BE1D41B2DD000D6BFD /* UILabel+NeedWidthAndHeight.m */ = {isa = PBXFileReference; fileEncoding = 4; lastKnownFileType = sourcecode.c.objc; path = "UILabel+NeedWidthAndHeight.m"; sourceTree = "<group>"; };
		D35BB1C31D41F46A000D6BFD /* BannerCell.h */ = {isa = PBXFileReference; fileEncoding = 4; lastKnownFileType = sourcecode.c.h; path = BannerCell.h; sourceTree = "<group>"; };
		D35BB1C41D41F46A000D6BFD /* BannerCell.m */ = {isa = PBXFileReference; fileEncoding = 4; lastKnownFileType = sourcecode.c.objc; path = BannerCell.m; sourceTree = "<group>"; };
		D35BB1C51D41F46A000D6BFD /* BannerCell.xib */ = {isa = PBXFileReference; fileEncoding = 4; lastKnownFileType = file.xib; path = BannerCell.xib; sourceTree = "<group>"; };
		D35BB1CB1D4220CE000D6BFD /* MyPageControl.h */ = {isa = PBXFileReference; fileEncoding = 4; lastKnownFileType = sourcecode.c.h; path = MyPageControl.h; sourceTree = "<group>"; };
		D35BB1CC1D4220CE000D6BFD /* MyPageControl.m */ = {isa = PBXFileReference; fileEncoding = 4; lastKnownFileType = sourcecode.c.objc; path = MyPageControl.m; sourceTree = "<group>"; };
		D35BB1CE1D422206000D6BFD /* BannerImageView.h */ = {isa = PBXFileReference; fileEncoding = 4; lastKnownFileType = sourcecode.c.h; path = BannerImageView.h; sourceTree = "<group>"; };
		D35BB1CF1D422206000D6BFD /* BannerImageView.m */ = {isa = PBXFileReference; fileEncoding = 4; lastKnownFileType = sourcecode.c.objc; path = BannerImageView.m; sourceTree = "<group>"; };
		D35BB1D11D42221D000D6BFD /* BannerImageView.xib */ = {isa = PBXFileReference; fileEncoding = 4; lastKnownFileType = file.xib; path = BannerImageView.xib; sourceTree = "<group>"; };
		D36150441D5D6D14003779A5 /* CityListMode.h */ = {isa = PBXFileReference; fileEncoding = 4; lastKnownFileType = sourcecode.c.h; path = CityListMode.h; sourceTree = "<group>"; };
		D36150451D5D6D14003779A5 /* CityListMode.m */ = {isa = PBXFileReference; fileEncoding = 4; lastKnownFileType = sourcecode.c.objc; path = CityListMode.m; sourceTree = "<group>"; };
		D36150471D5D6DB5003779A5 /* CityListItemMode.h */ = {isa = PBXFileReference; fileEncoding = 4; lastKnownFileType = sourcecode.c.h; path = CityListItemMode.h; sourceTree = "<group>"; };
		D36150481D5D6DB5003779A5 /* CityListItemMode.m */ = {isa = PBXFileReference; fileEncoding = 4; lastKnownFileType = sourcecode.c.objc; path = CityListItemMode.m; sourceTree = "<group>"; };
		D3640C841D62F3BF008049E4 /* CityListCell.h */ = {isa = PBXFileReference; fileEncoding = 4; lastKnownFileType = sourcecode.c.h; path = CityListCell.h; sourceTree = "<group>"; };
		D3640C851D62F3BF008049E4 /* CityListCell.m */ = {isa = PBXFileReference; fileEncoding = 4; lastKnownFileType = sourcecode.c.objc; path = CityListCell.m; sourceTree = "<group>"; };
		D3640C861D62F3BF008049E4 /* CityListCell.xib */ = {isa = PBXFileReference; fileEncoding = 4; lastKnownFileType = file.xib; path = CityListCell.xib; sourceTree = "<group>"; };
		D3640C891D62F60B008049E4 /* CityListSectionView.h */ = {isa = PBXFileReference; fileEncoding = 4; lastKnownFileType = sourcecode.c.h; path = CityListSectionView.h; sourceTree = "<group>"; };
		D3640C8A1D62F60B008049E4 /* CityListSectionView.m */ = {isa = PBXFileReference; fileEncoding = 4; lastKnownFileType = sourcecode.c.objc; path = CityListSectionView.m; sourceTree = "<group>"; };
		D3640C8C1D62F618008049E4 /* CityListSectionView.xib */ = {isa = PBXFileReference; fileEncoding = 4; lastKnownFileType = file.xib; path = CityListSectionView.xib; sourceTree = "<group>"; };
		D3640C8F1D631E70008049E4 /* CLLocation+MPLocation.h */ = {isa = PBXFileReference; fileEncoding = 4; lastKnownFileType = sourcecode.c.h; path = "CLLocation+MPLocation.h"; sourceTree = "<group>"; };
		D3640C901D631E70008049E4 /* CLLocation+MPLocation.m */ = {isa = PBXFileReference; fileEncoding = 4; lastKnownFileType = sourcecode.c.objc; path = "CLLocation+MPLocation.m"; sourceTree = "<group>"; };
		D3640C911D631E70008049E4 /* MPLocationManager.h */ = {isa = PBXFileReference; fileEncoding = 4; lastKnownFileType = sourcecode.c.h; path = MPLocationManager.h; sourceTree = "<group>"; };
		D3640C921D631E70008049E4 /* MPLocationManager.m */ = {isa = PBXFileReference; fileEncoding = 4; lastKnownFileType = sourcecode.c.objc; path = MPLocationManager.m; sourceTree = "<group>"; };
		D3640C951D631F7F008049E4 /* ThirdMacros.h */ = {isa = PBXFileReference; fileEncoding = 4; lastKnownFileType = sourcecode.c.h; path = ThirdMacros.h; sourceTree = "<group>"; };
		D37007E31D34CA19007E2AA3 /* MD5.h */ = {isa = PBXFileReference; fileEncoding = 4; lastKnownFileType = sourcecode.c.h; path = MD5.h; sourceTree = "<group>"; };
		D37007E41D34CA19007E2AA3 /* MD5.m */ = {isa = PBXFileReference; fileEncoding = 4; lastKnownFileType = sourcecode.c.objc; path = MD5.m; sourceTree = "<group>"; };
		D3805DC91D7417E700B6FAE5 /* NetworkDelegate.h */ = {isa = PBXFileReference; lastKnownFileType = sourcecode.c.h; path = NetworkDelegate.h; sourceTree = "<group>"; };
		D3805DCA1D741EB500B6FAE5 /* NetworkHandler.h */ = {isa = PBXFileReference; fileEncoding = 4; lastKnownFileType = sourcecode.c.h; path = NetworkHandler.h; sourceTree = "<group>"; };
		D3805DCB1D741EB500B6FAE5 /* NetworkHandler.m */ = {isa = PBXFileReference; fileEncoding = 4; lastKnownFileType = sourcecode.c.objc; path = NetworkHandler.m; sourceTree = "<group>"; };
		D3805DCD1D7427D600B6FAE5 /* NetworkItem.h */ = {isa = PBXFileReference; fileEncoding = 4; lastKnownFileType = sourcecode.c.h; path = NetworkItem.h; sourceTree = "<group>"; };
		D3805DCE1D7427D600B6FAE5 /* NetworkItem.m */ = {isa = PBXFileReference; fileEncoding = 4; lastKnownFileType = sourcecode.c.objc; path = NetworkItem.m; sourceTree = "<group>"; };
		D38DF7241D3F72840042A241 /* NewsCellFactory.h */ = {isa = PBXFileReference; fileEncoding = 4; lastKnownFileType = sourcecode.c.h; path = NewsCellFactory.h; sourceTree = "<group>"; };
		D38DF7251D3F72840042A241 /* NewsCellFactory.m */ = {isa = PBXFileReference; fileEncoding = 4; lastKnownFileType = sourcecode.c.objc; path = NewsCellFactory.m; sourceTree = "<group>"; };
		D38DF7271D3F75CD0042A241 /* BaseCell.h */ = {isa = PBXFileReference; fileEncoding = 4; lastKnownFileType = sourcecode.c.h; path = BaseCell.h; sourceTree = "<group>"; };
		D38DF7281D3F75CD0042A241 /* BaseCell.m */ = {isa = PBXFileReference; fileEncoding = 4; lastKnownFileType = sourcecode.c.objc; path = BaseCell.m; sourceTree = "<group>"; };
		D38DF72A1D3F7C7C0042A241 /* EveryOneCell.h */ = {isa = PBXFileReference; fileEncoding = 4; lastKnownFileType = sourcecode.c.h; path = EveryOneCell.h; sourceTree = "<group>"; };
		D38DF72B1D3F7C7C0042A241 /* EveryOneCell.m */ = {isa = PBXFileReference; fileEncoding = 4; lastKnownFileType = sourcecode.c.objc; path = EveryOneCell.m; sourceTree = "<group>"; };
		D38DF72C1D3F7C7C0042A241 /* EveryOneCell.xib */ = {isa = PBXFileReference; fileEncoding = 4; lastKnownFileType = file.xib; path = EveryOneCell.xib; sourceTree = "<group>"; };
		D3B693921D2BBF5D00F8D1C4 /* MacroDefinition.h */ = {isa = PBXFileReference; lastKnownFileType = sourcecode.c.h; path = MacroDefinition.h; sourceTree = "<group>"; };
		D3C4EC621D485F1D002D4BC9 /* TierManageView.h */ = {isa = PBXFileReference; fileEncoding = 4; lastKnownFileType = sourcecode.c.h; path = TierManageView.h; sourceTree = "<group>"; };
		D3C4EC631D485F1D002D4BC9 /* TierManageView.m */ = {isa = PBXFileReference; fileEncoding = 4; lastKnownFileType = sourcecode.c.objc; path = TierManageView.m; sourceTree = "<group>"; };
		D3C4EC651D485F37002D4BC9 /* TierManageView.xib */ = {isa = PBXFileReference; fileEncoding = 4; lastKnownFileType = file.xib; path = TierManageView.xib; sourceTree = "<group>"; };
		D3C4EC671D485FF6002D4BC9 /* TierHeadView.h */ = {isa = PBXFileReference; fileEncoding = 4; lastKnownFileType = sourcecode.c.h; path = TierHeadView.h; sourceTree = "<group>"; };
		D3C4EC681D485FF6002D4BC9 /* TierHeadView.m */ = {isa = PBXFileReference; fileEncoding = 4; lastKnownFileType = sourcecode.c.objc; path = TierHeadView.m; sourceTree = "<group>"; };
		D3C4EC6A1D48600F002D4BC9 /* TierHeadView.xib */ = {isa = PBXFileReference; fileEncoding = 4; lastKnownFileType = file.xib; path = TierHeadView.xib; sourceTree = "<group>"; };
		D3CEF6191D3C6FA500696FF5 /* UIView+SetAllSubViewHidden.h */ = {isa = PBXFileReference; fileEncoding = 4; lastKnownFileType = sourcecode.c.h; path = "UIView+SetAllSubViewHidden.h"; sourceTree = "<group>"; };
		D3CEF61A1D3C6FA500696FF5 /* UIView+SetAllSubViewHidden.m */ = {isa = PBXFileReference; fileEncoding = 4; lastKnownFileType = sourcecode.c.objc; path = "UIView+SetAllSubViewHidden.m"; sourceTree = "<group>"; };
		D3CEF61D1D3CAB1100696FF5 /* BannerMode.h */ = {isa = PBXFileReference; fileEncoding = 4; lastKnownFileType = sourcecode.c.h; path = BannerMode.h; sourceTree = "<group>"; };
		D3CEF61E1D3CAB1100696FF5 /* BannerMode.m */ = {isa = PBXFileReference; fileEncoding = 4; lastKnownFileType = sourcecode.c.objc; path = BannerMode.m; sourceTree = "<group>"; };
		D3CEF6231D3CAE5100696FF5 /* NewsMode.h */ = {isa = PBXFileReference; fileEncoding = 4; lastKnownFileType = sourcecode.c.h; path = NewsMode.h; sourceTree = "<group>"; };
		D3CEF6241D3CAE5100696FF5 /* NewsMode.m */ = {isa = PBXFileReference; fileEncoding = 4; lastKnownFileType = sourcecode.c.objc; path = NewsMode.m; sourceTree = "<group>"; };
		D3CEF6261D3CAE6600696FF5 /* ImageMode.h */ = {isa = PBXFileReference; fileEncoding = 4; lastKnownFileType = sourcecode.c.h; path = ImageMode.h; sourceTree = "<group>"; };
		D3CEF6271D3CAE6600696FF5 /* ImageMode.m */ = {isa = PBXFileReference; fileEncoding = 4; lastKnownFileType = sourcecode.c.objc; path = ImageMode.m; sourceTree = "<group>"; };
		D3CEF6291D3CB07600696FF5 /* NodeMode.h */ = {isa = PBXFileReference; fileEncoding = 4; lastKnownFileType = sourcecode.c.h; path = NodeMode.h; sourceTree = "<group>"; };
		D3CEF62A1D3CB07600696FF5 /* NodeMode.m */ = {isa = PBXFileReference; fileEncoding = 4; lastKnownFileType = sourcecode.c.objc; path = NodeMode.m; sourceTree = "<group>"; };
		D3CEF62C1D3CB21100696FF5 /* HomeMode.h */ = {isa = PBXFileReference; fileEncoding = 4; lastKnownFileType = sourcecode.c.h; path = HomeMode.h; sourceTree = "<group>"; };
		D3CEF62D1D3CB21100696FF5 /* HomeMode.m */ = {isa = PBXFileReference; fileEncoding = 4; lastKnownFileType = sourcecode.c.objc; path = HomeMode.m; sourceTree = "<group>"; };
/* End PBXFileReference section */

/* Begin PBXFrameworksBuildPhase section */
		D3276A911D2A397D00A249C9 /* Frameworks */ = {
			isa = PBXFrameworksBuildPhase;
			buildActionMask = 2147483647;
			files = (
				752A34D4FC99409B88A1EA77 /* libPods-henews250.a in Frameworks */,
			);
			runOnlyForDeploymentPostprocessing = 0;
		};
		D3276AAA1D2A397E00A249C9 /* Frameworks */ = {
			isa = PBXFrameworksBuildPhase;
			buildActionMask = 2147483647;
			files = (
			);
			runOnlyForDeploymentPostprocessing = 0;
		};
		D3276AB51D2A397E00A249C9 /* Frameworks */ = {
			isa = PBXFrameworksBuildPhase;
			buildActionMask = 2147483647;
			files = (
			);
			runOnlyForDeploymentPostprocessing = 0;
		};
/* End PBXFrameworksBuildPhase section */

/* Begin PBXGroup section */
		1E52F506F5DD48D79F7D18B9 /* Frameworks */ = {
			isa = PBXGroup;
			children = (
				2D06F7740EE8032606215613 /* libPods-henews250.a */,
			);
			name = Frameworks;
			sourceTree = "<group>";
		};
		B94DE901CB1E05E4E9AA3AC6 /* Pods */ = {
			isa = PBXGroup;
			children = (
				CB1839BE97A4F2C58E0731CF /* Pods-henews250.debug.xcconfig */,
				6AB5DACB1C464969CC9EC547 /* Pods-henews250.releasetest.xcconfig */,
				0F1B0BA5B35693201F6AF262 /* Pods-henews250.release.xcconfig */,
			);
			name = Pods;
			sourceTree = "<group>";
		};
		D30741A51D50730300E4E394 /* DGReorderableCollectionViewFlowLayout */ = {
			isa = PBXGroup;
			children = (
				D30741A61D50730300E4E394 /* DGReorderableCollectionViewFlowLayout.h */,
				D30741A71D50730300E4E394 /* DGReorderableCollectionViewFlowLayout.m */,
			);
			path = DGReorderableCollectionViewFlowLayout;
			sourceTree = "<group>";
		};
		D30C75D41D35D0DD00248DE0 /* UIColor+ hexColor */ = {
			isa = PBXGroup;
			children = (
				D30C75D51D35D0FD00248DE0 /* UIColor+hexColor.h */,
				D30C75D61D35D0FD00248DE0 /* UIColor+hexColor.m */,
			);
			path = "UIColor+ hexColor";
			sourceTree = "<group>";
		};
		D319C8861D387007002A84F5 /* LoadingMode */ = {
			isa = PBXGroup;
			children = (
				D319C8871D387007002A84F5 /* SingleColMode.h */,
				D319C8881D387007002A84F5 /* SingleColMode.m */,
				D319C88A1D38705D002A84F5 /* AdMode.h */,
				D319C88B1D38705D002A84F5 /* AdMode.m */,
				D319C88D1D387307002A84F5 /* LoadingMode.h */,
				D319C88E1D387307002A84F5 /* LoadingMode.m */,
			);
			path = LoadingMode;
			sourceTree = "<group>";
		};
		D31AA0AD1D46F3690036004A /* TierMode */ = {
			isa = PBXGroup;
			children = (
				D31AA0AE1D46F3AE0036004A /* TierMode.h */,
				D31AA0AF1D46F3AE0036004A /* TierMode.m */,
				D31AA0B41D470B860036004A /* LocalTierMode.h */,
				D31AA0B51D470B860036004A /* LocalTierMode.m */,
				D31AA0B11D4707F80036004A /* TierManageMode.h */,
				D31AA0B21D4707F80036004A /* TierManageMode.m */,
			);
			path = TierMode;
			sourceTree = "<group>";
		};
		D31DE9F01D2C8CB200D2B0AB /* View */ = {
			isa = PBXGroup;
			children = (
				D31ED3FE1D3DAE2B003C2A54 /* Cell */,
				D33265291D2E4F68005C9D7D /* SubView */,
				D31DE9F11D2C8D0100D2B0AB /* GuidePage */,
			);
			path = View;
			sourceTree = "<group>";
		};
		D31DE9F11D2C8D0100D2B0AB /* GuidePage */ = {
			isa = PBXGroup;
			children = (
				D31DE9F21D2C8DBC00D2B0AB /* GuidePage1.h */,
				D31DE9F31D2C8DBC00D2B0AB /* GuidePage1.m */,
				D31DE9F51D2C8DDE00D2B0AB /* GuidePage1.xib */,
				D332651F1D2E2FB1005C9D7D /* GuidePage2.h */,
				D33265201D2E2FB1005C9D7D /* GuidePage2.m */,
				D33265221D2E2FC3005C9D7D /* GuidePage2.xib */,
				D33265261D2E49C3005C9D7D /* GuidePage3.h */,
				D33265271D2E49C3005C9D7D /* GuidePage3.m */,
				D33265241D2E49B1005C9D7D /* GuidePage3.xib */,
			);
			path = GuidePage;
			sourceTree = "<group>";
		};
		D31ED3FE1D3DAE2B003C2A54 /* Cell */ = {
			isa = PBXGroup;
			children = (
				D3640C831D62F36D008049E4 /* CityListCell */,
				D31ED3FF1D3DAE50003C2A54 /* HomeCell */,
				D38DF7271D3F75CD0042A241 /* BaseCell.h */,
				D38DF7281D3F75CD0042A241 /* BaseCell.m */,
			);
			path = Cell;
			sourceTree = "<group>";
		};
		D31ED3FF1D3DAE50003C2A54 /* HomeCell */ = {
			isa = PBXGroup;
			children = (
				D38DF7241D3F72840042A241 /* NewsCellFactory.h */,
				D38DF7251D3F72840042A241 /* NewsCellFactory.m */,
				D31ED4001D3DBA34003C2A54 /* OneSmallPicCell.h */,
				D31ED4011D3DBA34003C2A54 /* OneSmallPicCell.m */,
				D31ED4021D3DBA34003C2A54 /* OneSmallPicCell.xib */,
				D38DF72A1D3F7C7C0042A241 /* EveryOneCell.h */,
				D38DF72B1D3F7C7C0042A241 /* EveryOneCell.m */,
				D38DF72C1D3F7C7C0042A241 /* EveryOneCell.xib */,
				D30E09491D406B0C00954670 /* ThreeSmallPicCell.h */,
				D30E094A1D406B0C00954670 /* ThreeSmallPicCell.m */,
				D30E094B1D406B0C00954670 /* ThreeSmallPicCell.xib */,
				D338366E1D40AF82008ADE4C /* OneBigPicCell.h */,
				D338366F1D40AF82008ADE4C /* OneBigPicCell.m */,
				D33836701D40AF82008ADE4C /* OneBigPicCell.xib */,
				D33836731D40CD44008ADE4C /* SectionView.h */,
				D33836741D40CD44008ADE4C /* SectionView.m */,
				D33836761D40CD9F008ADE4C /* SectionView.xib */,
				D35BB1C31D41F46A000D6BFD /* BannerCell.h */,
				D35BB1C41D41F46A000D6BFD /* BannerCell.m */,
				D35BB1C51D41F46A000D6BFD /* BannerCell.xib */,
				D35BB1CE1D422206000D6BFD /* BannerImageView.h */,
				D35BB1CF1D422206000D6BFD /* BannerImageView.m */,
				D35BB1D11D42221D000D6BFD /* BannerImageView.xib */,
			);
			path = HomeCell;
			sourceTree = "<group>";
		};
		D3276A8B1D2A397D00A249C9 = {
			isa = PBXGroup;
			children = (
				D3276A961D2A397D00A249C9 /* henews250 */,
				D3276AB01D2A397E00A249C9 /* henews250Tests */,
				D3276ABB1D2A397E00A249C9 /* henews250UITests */,
				D3276A951D2A397D00A249C9 /* Products */,
				B94DE901CB1E05E4E9AA3AC6 /* Pods */,
				1E52F506F5DD48D79F7D18B9 /* Frameworks */,
			);
			sourceTree = "<group>";
		};
		D3276A951D2A397D00A249C9 /* Products */ = {
			isa = PBXGroup;
			children = (
				D3276A941D2A397D00A249C9 /* 和新闻.app */,
				D3276AAD1D2A397E00A249C9 /* henews250Tests.xctest */,
				D3276AB81D2A397E00A249C9 /* henews250UITests.xctest */,
			);
			name = Products;
			sourceTree = "<group>";
		};
		D3276A961D2A397D00A249C9 /* henews250 */ = {
			isa = PBXGroup;
			children = (
				D3276ACE1D2A681A00A249C9 /* Libraries */,
				D332651B1D2E0347005C9D7D /* Category */,
				D31DE9F01D2C8CB200D2B0AB /* View */,
				D3B693911D2BBEDD00F8D1C4 /* Util */,
				D366815E1D3762D7001948D6 /* Model */,
				D3276ACD1D2A681A00A249C9 /* Controller */,
				D3276A9A1D2A397D00A249C9 /* AppDelegate.h */,
				D3276A9B1D2A397D00A249C9 /* AppDelegate.m */,
				D3276AA01D2A397E00A249C9 /* Main.storyboard */,
				D3276AA31D2A397E00A249C9 /* Assets.xcassets */,
				D3276AA81D2A397E00A249C9 /* Info.plist */,
				D33A642D1D62AE9000102968 /* Configs */,
				D3276A971D2A397D00A249C9 /* Supporting Files */,
			);
			path = henews250;
			sourceTree = "<group>";
		};
		D3276A971D2A397D00A249C9 /* Supporting Files */ = {
			isa = PBXGroup;
			children = (
				D3276A981D2A397D00A249C9 /* main.m */,
			);
			name = "Supporting Files";
			sourceTree = "<group>";
		};
		D3276AB01D2A397E00A249C9 /* henews250Tests */ = {
			isa = PBXGroup;
			children = (
				D3276AB11D2A397E00A249C9 /* henews250Tests.m */,
				D3276AB31D2A397E00A249C9 /* Info.plist */,
			);
			path = henews250Tests;
			sourceTree = "<group>";
		};
		D3276ABB1D2A397E00A249C9 /* henews250UITests */ = {
			isa = PBXGroup;
			children = (
				D3276ABC1D2A397E00A249C9 /* henews250UITests.m */,
				D3276ABE1D2A397E00A249C9 /* Info.plist */,
			);
			path = henews250UITests;
			sourceTree = "<group>";
		};
		D3276ACD1D2A681A00A249C9 /* Controller */ = {
			isa = PBXGroup;
			children = (
				D34F50871D5465F5004B25C5 /* Subpage */,
				D332652D1D2E5D06005C9D7D /* PrimaryViewController */,
				D31A339D1D2B506700401658 /* IndexViewController.h */,
				D31A339E1D2B506700401658 /* IndexViewController.m */,
				D31A33A01D2B538800401658 /* BaseViewController.h */,
				D31A33A11D2B538800401658 /* BaseViewController.m */,
			);
			name = Controller;
			path = controller;
			sourceTree = "<group>";
		};
		D3276ACE1D2A681A00A249C9 /* Libraries */ = {
			isa = PBXGroup;
			children = (
				D32972491D7552EC00B60181 /* Loading */,
				D3640C8E1D631E70008049E4 /* LcationManager */,
				D30741A51D50730300E4E394 /* DGReorderableCollectionViewFlowLayout */,
				D37007DF1D34C9BD007E2AA3 /* Networking */,
			);
			path = Libraries;
			sourceTree = "<group>";
		};
		D32972491D7552EC00B60181 /* Loading */ = {
			isa = PBXGroup;
			children = (
			);
			path = Loading;
			sourceTree = "<group>";
		};
		D332651B1D2E0347005C9D7D /* Category */ = {
			isa = PBXGroup;
			children = (
				D332651C1D2E19B6005C9D7D /* UIView+LoadFromNib.h */,
				D332651D1D2E19B6005C9D7D /* UIView+LoadFromNib.m */,
				D32C36971D321D6C00431829 /* UIViewController+LoadFromStoryboard.h */,
				D32C36981D321D6C00431829 /* UIViewController+LoadFromStoryboard.m */,
				D3CEF6191D3C6FA500696FF5 /* UIView+SetAllSubViewHidden.h */,
				D3CEF61A1D3C6FA500696FF5 /* UIView+SetAllSubViewHidden.m */,
				D31ED44E1D3E18D6003C2A54 /* UIImageView+LoadFromWeb.h */,
				D31ED44F1D3E18D6003C2A54 /* UIImageView+LoadFromWeb.m */,
				D35BB1BD1D41B2DD000D6BFD /* UILabel+NeedWidthAndHeight.h */,
				D35BB1BE1D41B2DD000D6BFD /* UILabel+NeedWidthAndHeight.m */,
			);
			path = Category;
			sourceTree = "<group>";
		};
		D33265291D2E4F68005C9D7D /* SubView */ = {
			isa = PBXGroup;
			children = (
				D34F508B1D546A22004B25C5 /* SubPageHead */,
				D3C4EC611D485B05002D4BC9 /* TierManageView */,
				D32C369A1D3223F800431829 /* XNTabBarButton.h */,
				D32C369B1D3223F800431829 /* XNTabBarButton.m */,
				D35BB1CB1D4220CE000D6BFD /* MyPageControl.h */,
				D35BB1CC1D4220CE000D6BFD /* MyPageControl.m */,
			);
			path = SubView;
			sourceTree = "<group>";
		};
		D332652D1D2E5D06005C9D7D /* PrimaryViewController */ = {
			isa = PBXGroup;
			children = (
				D33265311D2E6191005C9D7D /* XNTabBarView.h */,
				D33265321D2E6191005C9D7D /* XNTabBarView.m */,
				D332652E1D2E5DAE005C9D7D /* HomeController.h */,
				D332652F1D2E5DAE005C9D7D /* HomeController.m */,
				D32C368B1D321B3300431829 /* NewsViewController.h */,
				D32C368C1D321B3300431829 /* NewsViewController.m */,
				D32C368E1D321B6200431829 /* ViewPointViewController.h */,
				D32C368F1D321B6200431829 /* ViewPointViewController.m */,
				D32C36911D321B8100431829 /* WelfareViewController.h */,
				D32C36921D321B8100431829 /* WelfareViewController.m */,
				D32C36941D321B8E00431829 /* MyViewController.h */,
				D32C36951D321B8E00431829 /* MyViewController.m */,
			);
			path = PrimaryViewController;
			sourceTree = "<group>";
		};
		D33A642D1D62AE9000102968 /* Configs */ = {
			isa = PBXGroup;
			children = (
				D33A642E1D62AEBF00102968 /* CommonConfig.xcconfig */,
				D33A642F1D62AEF300102968 /* DebugConfig.xcconfig */,
				D33A64301D62AF4900102968 /* ReleaseConfig.xcconfig */,
				D33A64311D62AF6900102968 /* ReleaseTestConfig.xcconfig */,
			);
			path = Configs;
			sourceTree = "<group>";
		};
		D34F50871D5465F5004B25C5 /* Subpage */ = {
			isa = PBXGroup;
			children = (
				D34F50881D5466CC004B25C5 /* SubBaseViewController.h */,
				D34F50891D5466CC004B25C5 /* SubBaseViewController.m */,
				D34F50911D5470D0004B25C5 /* CityViewController.h */,
				D34F50921D5470D0004B25C5 /* CityViewController.m */,
			);
			path = Subpage;
			sourceTree = "<group>";
		};
		D34F508B1D546A22004B25C5 /* SubPageHead */ = {
			isa = PBXGroup;
			children = (
				D34F508C1D546A3A004B25C5 /* SubPageHeadView.h */,
				D34F508D1D546A3A004B25C5 /* SubPageHeadView.m */,
				D34F508F1D546A4D004B25C5 /* SubPageHeadView.xib */,
			);
			path = SubPageHead;
			sourceTree = "<group>";
		};
		D36150431D5D6CE2003779A5 /* CityListMode */ = {
			isa = PBXGroup;
			children = (
				D36150441D5D6D14003779A5 /* CityListMode.h */,
				D36150451D5D6D14003779A5 /* CityListMode.m */,
				D36150471D5D6DB5003779A5 /* CityListItemMode.h */,
				D36150481D5D6DB5003779A5 /* CityListItemMode.m */,
				D340C12F1D640AB8007D4C3D /* CityMode.h */,
				D340C1301D640AB8007D4C3D /* CityMode.m */,
				D30E52761D6438AE0018FE6D /* CityManager.h */,
				D30E52771D6438AE0018FE6D /* CityManager.m */,
			);
			path = CityListMode;
			sourceTree = "<group>";
		};
		D3640C831D62F36D008049E4 /* CityListCell */ = {
			isa = PBXGroup;
			children = (
				D3640C841D62F3BF008049E4 /* CityListCell.h */,
				D3640C851D62F3BF008049E4 /* CityListCell.m */,
				D3640C861D62F3BF008049E4 /* CityListCell.xib */,
				D3640C891D62F60B008049E4 /* CityListSectionView.h */,
				D3640C8A1D62F60B008049E4 /* CityListSectionView.m */,
				D3640C8C1D62F618008049E4 /* CityListSectionView.xib */,
			);
			path = CityListCell;
			sourceTree = "<group>";
		};
		D3640C8E1D631E70008049E4 /* LcationManager */ = {
			isa = PBXGroup;
			children = (
				D3640C8F1D631E70008049E4 /* CLLocation+MPLocation.h */,
				D3640C901D631E70008049E4 /* CLLocation+MPLocation.m */,
				D3640C911D631E70008049E4 /* MPLocationManager.h */,
				D3640C921D631E70008049E4 /* MPLocationManager.m */,
			);
			path = LcationManager;
			sourceTree = "<group>";
		};
		D366815E1D3762D7001948D6 /* Model */ = {
			isa = PBXGroup;
			children = (
				D36150431D5D6CE2003779A5 /* CityListMode */,
				D31AA0AD1D46F3690036004A /* TierMode */,
				D3CEF61C1D3CAADD00696FF5 /* HomeMode */,
				D319C8861D387007002A84F5 /* LoadingMode */,
				D31AA0AA1D46F32F0036004A /* BaseMode.h */,
				D31AA0AB1D46F32F0036004A /* BaseMode.m */,
			);
			path = Model;
			sourceTree = "<group>";
		};
		D37007DF1D34C9BD007E2AA3 /* Networking */ = {
			isa = PBXGroup;
			children = (
				D37007E31D34CA19007E2AA3 /* MD5.h */,
				D37007E41D34CA19007E2AA3 /* MD5.m */,
				D31346141D66997700871FB8 /* NetworkUrl.h */,
				D31346151D669CDD00871FB8 /* NetworkDefine.h */,
				D3805DC91D7417E700B6FAE5 /* NetworkDelegate.h */,
				D3805DCA1D741EB500B6FAE5 /* NetworkHandler.h */,
				D3805DCB1D741EB500B6FAE5 /* NetworkHandler.m */,
				D3805DCD1D7427D600B6FAE5 /* NetworkItem.h */,
				D3805DCE1D7427D600B6FAE5 /* NetworkItem.m */,
				D31EC6851D7824F300F2B349 /* NetworkManager.h */,
				D31EC6861D7824F300F2B349 /* NetworkManager.m */,
				D317BFCA1D795F6B00852ADC /* XMLDictionary.h */,
				D317BFCB1D795F6B00852ADC /* XMLDictionary.m */,
			);
			path = Networking;
			sourceTree = "<group>";
		};
		D3B693911D2BBEDD00F8D1C4 /* Util */ = {
			isa = PBXGroup;
			children = (
				D30C75D41D35D0DD00248DE0 /* UIColor+ hexColor */,
				D3B693921D2BBF5D00F8D1C4 /* MacroDefinition.h */,
				D3640C951D631F7F008049E4 /* ThirdMacros.h */,
				D30C75D11D35C0FB00248DE0 /* IphoneParams.h */,
				D30C75D21D35C0FB00248DE0 /* IphoneParams.m */,
			);
			path = Util;
			sourceTree = "<group>";
		};
		D3C4EC611D485B05002D4BC9 /* TierManageView */ = {
			isa = PBXGroup;
			children = (
				D3C4EC621D485F1D002D4BC9 /* TierManageView.h */,
				D3C4EC631D485F1D002D4BC9 /* TierManageView.m */,
				D3C4EC651D485F37002D4BC9 /* TierManageView.xib */,
				D3C4EC671D485FF6002D4BC9 /* TierHeadView.h */,
				D3C4EC681D485FF6002D4BC9 /* TierHeadView.m */,
				D3C4EC6A1D48600F002D4BC9 /* TierHeadView.xib */,
				D33A81051D499DF900F6F4D8 /* PullCollectionView.h */,
				D33A81061D499DF900F6F4D8 /* PullCollectionView.m */,
				D33A81511D4A12E100F6F4D8 /* PullCollectionViewFlowLayout.h */,
				D33A81521D4A12E100F6F4D8 /* PullCollectionViewFlowLayout.m */,
				D32375081D4ADDA6003042C6 /* TierCollectionViewCell.h */,
				D32375091D4ADDA6003042C6 /* TierCollectionViewCell.m */,
				D323750A1D4ADDA6003042C6 /* TierCollectionViewCell.xib */,
				D323750D1D4AE5B6003042C6 /* TierCollectionReusableView.h */,
				D323750E1D4AE5B6003042C6 /* TierCollectionReusableView.m */,
				D323750F1D4AE5B6003042C6 /* TierCollectionReusableView.xib */,
			);
			path = TierManageView;
			sourceTree = "<group>";
		};
		D3CEF61C1D3CAADD00696FF5 /* HomeMode */ = {
			isa = PBXGroup;
			children = (
				D3CEF61D1D3CAB1100696FF5 /* BannerMode.h */,
				D3CEF61E1D3CAB1100696FF5 /* BannerMode.m */,
				D3CEF6261D3CAE6600696FF5 /* ImageMode.h */,
				D3CEF6271D3CAE6600696FF5 /* ImageMode.m */,
				D3CEF6231D3CAE5100696FF5 /* NewsMode.h */,
				D3CEF6241D3CAE5100696FF5 /* NewsMode.m */,
				D3CEF6291D3CB07600696FF5 /* NodeMode.h */,
				D3CEF62A1D3CB07600696FF5 /* NodeMode.m */,
				D3CEF62C1D3CB21100696FF5 /* HomeMode.h */,
				D3CEF62D1D3CB21100696FF5 /* HomeMode.m */,
				D30E09461D40550E00954670 /* TagMode.h */,
				D30E09471D40550E00954670 /* TagMode.m */,
				D32D86621D46142C008D7216 /* ChannelMode.h */,
				D32D86631D46142C008D7216 /* ChannelMode.m */,
				D32D86651D462ED1008D7216 /* ChangeDataMode.h */,
				D32D86661D462ED1008D7216 /* ChangeDataMode.m */,
			);
			path = HomeMode;
			sourceTree = "<group>";
		};
/* End PBXGroup section */

/* Begin PBXNativeTarget section */
		D3276A931D2A397D00A249C9 /* henews250 */ = {
			isa = PBXNativeTarget;
			buildConfigurationList = D3276AC11D2A397E00A249C9 /* Build configuration list for PBXNativeTarget "henews250" */;
			buildPhases = (
				49467B5B3AF195E960BFD19B /* [CP] Check Pods Manifest.lock */,
				D3276A901D2A397D00A249C9 /* Sources */,
				D3276A911D2A397D00A249C9 /* Frameworks */,
				D3276A921D2A397D00A249C9 /* Resources */,
				33331737A7A0B46BD3DDF772 /* [CP] Embed Pods Frameworks */,
				B737BD4C01173FDCDC2F91A6 /* [CP] Copy Pods Resources */,
			);
			buildRules = (
			);
			dependencies = (
			);
			name = henews250;
			productName = henews250;
			productReference = D3276A941D2A397D00A249C9 /* 和新闻.app */;
			productType = "com.apple.product-type.application";
		};
		D3276AAC1D2A397E00A249C9 /* henews250Tests */ = {
			isa = PBXNativeTarget;
			buildConfigurationList = D3276AC41D2A397E00A249C9 /* Build configuration list for PBXNativeTarget "henews250Tests" */;
			buildPhases = (
				D3276AA91D2A397E00A249C9 /* Sources */,
				D3276AAA1D2A397E00A249C9 /* Frameworks */,
				D3276AAB1D2A397E00A249C9 /* Resources */,
			);
			buildRules = (
			);
			dependencies = (
				D3276AAF1D2A397E00A249C9 /* PBXTargetDependency */,
			);
			name = henews250Tests;
			productName = henews250Tests;
			productReference = D3276AAD1D2A397E00A249C9 /* henews250Tests.xctest */;
			productType = "com.apple.product-type.bundle.unit-test";
		};
		D3276AB71D2A397E00A249C9 /* henews250UITests */ = {
			isa = PBXNativeTarget;
			buildConfigurationList = D3276AC71D2A397E00A249C9 /* Build configuration list for PBXNativeTarget "henews250UITests" */;
			buildPhases = (
				D3276AB41D2A397E00A249C9 /* Sources */,
				D3276AB51D2A397E00A249C9 /* Frameworks */,
				D3276AB61D2A397E00A249C9 /* Resources */,
			);
			buildRules = (
			);
			dependencies = (
				D3276ABA1D2A397E00A249C9 /* PBXTargetDependency */,
			);
			name = henews250UITests;
			productName = henews250UITests;
			productReference = D3276AB81D2A397E00A249C9 /* henews250UITests.xctest */;
			productType = "com.apple.product-type.bundle.ui-testing";
		};
/* End PBXNativeTarget section */

/* Begin PBXProject section */
		D3276A8C1D2A397D00A249C9 /* Project object */ = {
			isa = PBXProject;
			attributes = {
				LastUpgradeCheck = 0730;
				ORGANIZATIONNAME = "汪洋";
				TargetAttributes = {
					D3276A931D2A397D00A249C9 = {
						CreatedOnToolsVersion = 7.3.1;
					};
					D3276AAC1D2A397E00A249C9 = {
						CreatedOnToolsVersion = 7.3.1;
						TestTargetID = D3276A931D2A397D00A249C9;
					};
					D3276AB71D2A397E00A249C9 = {
						CreatedOnToolsVersion = 7.3.1;
						TestTargetID = D3276A931D2A397D00A249C9;
					};
				};
			};
			buildConfigurationList = D3276A8F1D2A397D00A249C9 /* Build configuration list for PBXProject "henews250" */;
			compatibilityVersion = "Xcode 3.2";
			developmentRegion = English;
			hasScannedForEncodings = 0;
			knownRegions = (
				en,
				Base,
			);
			mainGroup = D3276A8B1D2A397D00A249C9;
			productRefGroup = D3276A951D2A397D00A249C9 /* Products */;
			projectDirPath = "";
			projectRoot = "";
			targets = (
				D3276A931D2A397D00A249C9 /* henews250 */,
				D3276AAC1D2A397E00A249C9 /* henews250Tests */,
				D3276AB71D2A397E00A249C9 /* henews250UITests */,
			);
		};
/* End PBXProject section */

/* Begin PBXResourcesBuildPhase section */
		D3276A921D2A397D00A249C9 /* Resources */ = {
			isa = PBXResourcesBuildPhase;
			buildActionMask = 2147483647;
			files = (
				D3640C8D1D62F618008049E4 /* CityListSectionView.xib in Resources */,
				D3640C881D62F3BF008049E4 /* CityListCell.xib in Resources */,
				D3C4EC661D485F37002D4BC9 /* TierManageView.xib in Resources */,
				D35BB1D21D42221D000D6BFD /* BannerImageView.xib in Resources */,
				D33265231D2E2FC3005C9D7D /* GuidePage2.xib in Resources */,
				D31ED4041D3DBA34003C2A54 /* OneSmallPicCell.xib in Resources */,
				D3C4EC6B1D48600F002D4BC9 /* TierHeadView.xib in Resources */,
				D3276AA41D2A397E00A249C9 /* Assets.xcassets in Resources */,
				D323750C1D4ADDA6003042C6 /* TierCollectionViewCell.xib in Resources */,
				D30E094D1D406B0C00954670 /* ThreeSmallPicCell.xib in Resources */,
				D31DE9F61D2C8DDE00D2B0AB /* GuidePage1.xib in Resources */,
				D38DF72E1D3F7C7C0042A241 /* EveryOneCell.xib in Resources */,
				D33836771D40CD9F008ADE4C /* SectionView.xib in Resources */,
				D3276AA21D2A397E00A249C9 /* Main.storyboard in Resources */,
				D35BB1C71D41F46A000D6BFD /* BannerCell.xib in Resources */,
				D32375111D4AE5B6003042C6 /* TierCollectionReusableView.xib in Resources */,
				D34F50901D546A4D004B25C5 /* SubPageHeadView.xib in Resources */,
				D33836721D40AF82008ADE4C /* OneBigPicCell.xib in Resources */,
				D33265251D2E49B1005C9D7D /* GuidePage3.xib in Resources */,
			);
			runOnlyForDeploymentPostprocessing = 0;
		};
		D3276AAB1D2A397E00A249C9 /* Resources */ = {
			isa = PBXResourcesBuildPhase;
			buildActionMask = 2147483647;
			files = (
			);
			runOnlyForDeploymentPostprocessing = 0;
		};
		D3276AB61D2A397E00A249C9 /* Resources */ = {
			isa = PBXResourcesBuildPhase;
			buildActionMask = 2147483647;
			files = (
			);
			runOnlyForDeploymentPostprocessing = 0;
		};
/* End PBXResourcesBuildPhase section */

/* Begin PBXShellScriptBuildPhase section */
		33331737A7A0B46BD3DDF772 /* [CP] Embed Pods Frameworks */ = {
			isa = PBXShellScriptBuildPhase;
			buildActionMask = 2147483647;
			files = (
			);
			inputPaths = (
			);
			name = "[CP] Embed Pods Frameworks";
			outputPaths = (
			);
			runOnlyForDeploymentPostprocessing = 0;
			shellPath = /bin/sh;
			shellScript = "\"${SRCROOT}/Pods/Target Support Files/Pods-henews250/Pods-henews250-frameworks.sh\"\n";
			showEnvVarsInLog = 0;
		};
		49467B5B3AF195E960BFD19B /* [CP] Check Pods Manifest.lock */ = {
			isa = PBXShellScriptBuildPhase;
			buildActionMask = 2147483647;
			files = (
			);
			inputPaths = (
			);
			name = "[CP] Check Pods Manifest.lock";
			outputPaths = (
			);
			runOnlyForDeploymentPostprocessing = 0;
			shellPath = /bin/sh;
			shellScript = "diff \"${PODS_ROOT}/../Podfile.lock\" \"${PODS_ROOT}/Manifest.lock\" > /dev/null\nif [[ $? != 0 ]] ; then\n    cat << EOM\nerror: The sandbox is not in sync with the Podfile.lock. Run 'pod install' or update your CocoaPods installation.\nEOM\n    exit 1\nfi\n";
			showEnvVarsInLog = 0;
		};
		B737BD4C01173FDCDC2F91A6 /* [CP] Copy Pods Resources */ = {
			isa = PBXShellScriptBuildPhase;
			buildActionMask = 2147483647;
			files = (
			);
			inputPaths = (
			);
			name = "[CP] Copy Pods Resources";
			outputPaths = (
			);
			runOnlyForDeploymentPostprocessing = 0;
			shellPath = /bin/sh;
			shellScript = "\"${SRCROOT}/Pods/Target Support Files/Pods-henews250/Pods-henews250-resources.sh\"\n";
			showEnvVarsInLog = 0;
		};
/* End PBXShellScriptBuildPhase section */

/* Begin PBXSourcesBuildPhase section */
		D3276A901D2A397D00A249C9 /* Sources */ = {
			isa = PBXSourcesBuildPhase;
			buildActionMask = 2147483647;
			files = (
				D38DF72D1D3F7C7C0042A241 /* EveryOneCell.m in Sources */,
				D3276A9C1D2A397D00A249C9 /* AppDelegate.m in Sources */,
				D38DF7261D3F72840042A241 /* NewsCellFactory.m in Sources */,
				D35BB1CD1D4220CE000D6BFD /* MyPageControl.m in Sources */,
				D31AA0B31D4707F80036004A /* TierManageMode.m in Sources */,
				D32D86671D462ED1008D7216 /* ChangeDataMode.m in Sources */,
				D340C1311D640AB8007D4C3D /* CityMode.m in Sources */,
				D34F508E1D546A3A004B25C5 /* SubPageHeadView.m in Sources */,
				D32C36931D321B8100431829 /* WelfareViewController.m in Sources */,
				D3805DCF1D7427D600B6FAE5 /* NetworkItem.m in Sources */,
				D33265211D2E2FB1005C9D7D /* GuidePage2.m in Sources */,
				D31A33A21D2B538800401658 /* BaseViewController.m in Sources */,
				D3CEF62B1D3CB07600696FF5 /* NodeMode.m in Sources */,
				D30741A81D50730300E4E394 /* DGReorderableCollectionViewFlowLayout.m in Sources */,
				D3276A991D2A397D00A249C9 /* main.m in Sources */,
				D30C75D31D35C0FB00248DE0 /* IphoneParams.m in Sources */,
				D36150491D5D6DB5003779A5 /* CityListItemMode.m in Sources */,
				D31ED4031D3DBA34003C2A54 /* OneSmallPicCell.m in Sources */,
				D3805DCC1D741EB500B6FAE5 /* NetworkHandler.m in Sources */,
				D31A339F1D2B506700401658 /* IndexViewController.m in Sources */,
				D31AA0B61D470B860036004A /* LocalTierMode.m in Sources */,
				D32D86641D46142C008D7216 /* ChannelMode.m in Sources */,
				D30E094C1D406B0C00954670 /* ThreeSmallPicCell.m in Sources */,
				D3C4EC641D485F1D002D4BC9 /* TierManageView.m in Sources */,
				D32C36961D321B8E00431829 /* MyViewController.m in Sources */,
				D323750B1D4ADDA6003042C6 /* TierCollectionViewCell.m in Sources */,
				D3C4EC691D485FF6002D4BC9 /* TierHeadView.m in Sources */,
				D3640C8B1D62F60B008049E4 /* CityListSectionView.m in Sources */,
				D32C368D1D321B3300431829 /* NewsViewController.m in Sources */,
				D34F50931D5470D0004B25C5 /* CityViewController.m in Sources */,
				D31AA0B01D46F3AE0036004A /* TierMode.m in Sources */,
				D31ED4501D3E18D6003C2A54 /* UIImageView+LoadFromWeb.m in Sources */,
				D317BFCC1D795F6B00852ADC /* XMLDictionary.m in Sources */,
				D36150461D5D6D14003779A5 /* CityListMode.m in Sources */,
				D35BB1BF1D41B2DD000D6BFD /* UILabel+NeedWidthAndHeight.m in Sources */,
				D33265281D2E49C3005C9D7D /* GuidePage3.m in Sources */,
				D319C88C1D38705D002A84F5 /* AdMode.m in Sources */,
				D31EC6871D7824F300F2B349 /* NetworkManager.m in Sources */,
				D31AA0AC1D46F32F0036004A /* BaseMode.m in Sources */,
				D34F508A1D5466CC004B25C5 /* SubBaseViewController.m in Sources */,
				D35BB1D01D422206000D6BFD /* BannerImageView.m in Sources */,
				D32C369C1D3223F800431829 /* XNTabBarButton.m in Sources */,
				D3CEF61F1D3CAB1100696FF5 /* BannerMode.m in Sources */,
				D3640C931D631E70008049E4 /* CLLocation+MPLocation.m in Sources */,
				D319C8891D387007002A84F5 /* SingleColMode.m in Sources */,
				D30E52781D6438AE0018FE6D /* CityManager.m in Sources */,
				D332651E1D2E19B6005C9D7D /* UIView+LoadFromNib.m in Sources */,
				D38DF7291D3F75CD0042A241 /* BaseCell.m in Sources */,
				D3640C871D62F3BF008049E4 /* CityListCell.m in Sources */,
				D30C75D71D35D0FD00248DE0 /* UIColor+hexColor.m in Sources */,
				D37007E51D34CA19007E2AA3 /* MD5.m in Sources */,
				D30E09481D40550E00954670 /* TagMode.m in Sources */,
				D3CEF61B1D3C6FA500696FF5 /* UIView+SetAllSubViewHidden.m in Sources */,
				D3CEF6251D3CAE5100696FF5 /* NewsMode.m in Sources */,
				D319C88F1D387307002A84F5 /* LoadingMode.m in Sources */,
				D32375101D4AE5B6003042C6 /* TierCollectionReusableView.m in Sources */,
				D32C36901D321B6200431829 /* ViewPointViewController.m in Sources */,
				D33836751D40CD44008ADE4C /* SectionView.m in Sources */,
				D33A81071D499DF900F6F4D8 /* PullCollectionView.m in Sources */,
				D3CEF6281D3CAE6600696FF5 /* ImageMode.m in Sources */,
				D33836711D40AF82008ADE4C /* OneBigPicCell.m in Sources */,
				D32C36991D321D6C00431829 /* UIViewController+LoadFromStoryboard.m in Sources */,
				D3CEF62E1D3CB21100696FF5 /* HomeMode.m in Sources */,
				D33265301D2E5DAE005C9D7D /* HomeController.m in Sources */,
				D35BB1C61D41F46A000D6BFD /* BannerCell.m in Sources */,
				D33265331D2E6191005C9D7D /* XNTabBarView.m in Sources */,
				D31DE9F41D2C8DBC00D2B0AB /* GuidePage1.m in Sources */,
				D33A81531D4A12E100F6F4D8 /* PullCollectionViewFlowLayout.m in Sources */,
				D3640C941D631E70008049E4 /* MPLocationManager.m in Sources */,
			);
			runOnlyForDeploymentPostprocessing = 0;
		};
		D3276AA91D2A397E00A249C9 /* Sources */ = {
			isa = PBXSourcesBuildPhase;
			buildActionMask = 2147483647;
			files = (
				D3276AB21D2A397E00A249C9 /* henews250Tests.m in Sources */,
			);
			runOnlyForDeploymentPostprocessing = 0;
		};
		D3276AB41D2A397E00A249C9 /* Sources */ = {
			isa = PBXSourcesBuildPhase;
			buildActionMask = 2147483647;
			files = (
				D3276ABD1D2A397E00A249C9 /* henews250UITests.m in Sources */,
			);
			runOnlyForDeploymentPostprocessing = 0;
		};
/* End PBXSourcesBuildPhase section */

/* Begin PBXTargetDependency section */
		D3276AAF1D2A397E00A249C9 /* PBXTargetDependency */ = {
			isa = PBXTargetDependency;
			target = D3276A931D2A397D00A249C9 /* henews250 */;
			targetProxy = D3276AAE1D2A397E00A249C9 /* PBXContainerItemProxy */;
		};
		D3276ABA1D2A397E00A249C9 /* PBXTargetDependency */ = {
			isa = PBXTargetDependency;
			target = D3276A931D2A397D00A249C9 /* henews250 */;
			targetProxy = D3276AB91D2A397E00A249C9 /* PBXContainerItemProxy */;
		};
/* End PBXTargetDependency section */

/* Begin PBXVariantGroup section */
		D3276AA01D2A397E00A249C9 /* Main.storyboard */ = {
			isa = PBXVariantGroup;
			children = (
				D3276AA11D2A397E00A249C9 /* Base */,
			);
			name = Main.storyboard;
			sourceTree = "<group>";
		};
/* End PBXVariantGroup section */

/* Begin XCBuildConfiguration section */
		D3276ABF1D2A397E00A249C9 /* Debug */ = {
			isa = XCBuildConfiguration;
			buildSettings = {
				ALWAYS_SEARCH_USER_PATHS = NO;
				CLANG_ANALYZER_NONNULL = YES;
				CLANG_CXX_LANGUAGE_STANDARD = "gnu++0x";
				CLANG_CXX_LIBRARY = "libc++";
				CLANG_ENABLE_MODULES = YES;
				CLANG_ENABLE_OBJC_ARC = YES;
				CLANG_WARN_BOOL_CONVERSION = YES;
				CLANG_WARN_CONSTANT_CONVERSION = YES;
				CLANG_WARN_DIRECT_OBJC_ISA_USAGE = YES_ERROR;
				CLANG_WARN_EMPTY_BODY = YES;
				CLANG_WARN_ENUM_CONVERSION = YES;
				CLANG_WARN_INT_CONVERSION = YES;
				CLANG_WARN_OBJC_ROOT_CLASS = YES_ERROR;
				CLANG_WARN_UNREACHABLE_CODE = YES;
				CLANG_WARN__DUPLICATE_METHOD_MATCH = YES;
				"CODE_SIGN_IDENTITY[sdk=iphoneos*]" = "iPhone Developer";
				COPY_PHASE_STRIP = NO;
				DEBUG_INFORMATION_FORMAT = dwarf;
				ENABLE_STRICT_OBJC_MSGSEND = YES;
				ENABLE_TESTABILITY = YES;
				GCC_C_LANGUAGE_STANDARD = gnu99;
				GCC_DYNAMIC_NO_PIC = NO;
				GCC_NO_COMMON_BLOCKS = YES;
				GCC_OPTIMIZATION_LEVEL = 0;
				GCC_PREPROCESSOR_DEFINITIONS = "${CONFIG_FLAG}=1";
				GCC_WARN_64_TO_32_BIT_CONVERSION = YES;
				GCC_WARN_ABOUT_RETURN_TYPE = YES_ERROR;
				GCC_WARN_UNDECLARED_SELECTOR = YES;
				GCC_WARN_UNINITIALIZED_AUTOS = YES_AGGRESSIVE;
				GCC_WARN_UNUSED_FUNCTION = YES;
				GCC_WARN_UNUSED_VARIABLE = YES;
				IPHONEOS_DEPLOYMENT_TARGET = 9.3;
				MTL_ENABLE_DEBUG_INFO = YES;
				ONLY_ACTIVE_ARCH = YES;
				SDKROOT = iphoneos;
			};
			name = Debug;
		};
		D3276AC01D2A397E00A249C9 /* Release */ = {
			isa = XCBuildConfiguration;
			buildSettings = {
				ALWAYS_SEARCH_USER_PATHS = NO;
				CLANG_ANALYZER_NONNULL = YES;
				CLANG_CXX_LANGUAGE_STANDARD = "gnu++0x";
				CLANG_CXX_LIBRARY = "libc++";
				CLANG_ENABLE_MODULES = YES;
				CLANG_ENABLE_OBJC_ARC = YES;
				CLANG_WARN_BOOL_CONVERSION = YES;
				CLANG_WARN_CONSTANT_CONVERSION = YES;
				CLANG_WARN_DIRECT_OBJC_ISA_USAGE = YES_ERROR;
				CLANG_WARN_EMPTY_BODY = YES;
				CLANG_WARN_ENUM_CONVERSION = YES;
				CLANG_WARN_INT_CONVERSION = YES;
				CLANG_WARN_OBJC_ROOT_CLASS = YES_ERROR;
				CLANG_WARN_UNREACHABLE_CODE = YES;
				CLANG_WARN__DUPLICATE_METHOD_MATCH = YES;
				"CODE_SIGN_IDENTITY[sdk=iphoneos*]" = "iPhone Developer";
				COPY_PHASE_STRIP = NO;
				DEBUG_INFORMATION_FORMAT = "dwarf-with-dsym";
				ENABLE_NS_ASSERTIONS = NO;
				ENABLE_STRICT_OBJC_MSGSEND = YES;
				GCC_C_LANGUAGE_STANDARD = gnu99;
				GCC_NO_COMMON_BLOCKS = YES;
				GCC_PREPROCESSOR_DEFINITIONS = "${CONFIG_FLAG}=1";
				GCC_WARN_64_TO_32_BIT_CONVERSION = YES;
				GCC_WARN_ABOUT_RETURN_TYPE = YES_ERROR;
				GCC_WARN_UNDECLARED_SELECTOR = YES;
				GCC_WARN_UNINITIALIZED_AUTOS = YES_AGGRESSIVE;
				GCC_WARN_UNUSED_FUNCTION = YES;
				GCC_WARN_UNUSED_VARIABLE = YES;
				IPHONEOS_DEPLOYMENT_TARGET = 9.3;
				MTL_ENABLE_DEBUG_INFO = NO;
				SDKROOT = iphoneos;
				VALIDATE_PRODUCT = YES;
			};
			name = Release;
		};
		D3276AC21D2A397E00A249C9 /* Debug */ = {
			isa = XCBuildConfiguration;
			baseConfigurationReference = D33A642F1D62AEF300102968 /* DebugConfig.xcconfig */;
			buildSettings = {
				ASSETCATALOG_COMPILER_APPICON_NAME = AppIcon;
				ASSETCATALOG_COMPILER_LAUNCHIMAGE_NAME = LaunchImage;
				CODE_SIGN_IDENTITY = "iPhone Developer";
				"CODE_SIGN_IDENTITY[sdk=iphoneos*]" = "iPhone Developer";
				INFOPLIST_FILE = henews250/Info.plist;
				LD_RUNPATH_SEARCH_PATHS = "$(inherited) @executable_path/Frameworks";
				PRODUCT_BUNDLE_IDENTIFIER = com.nmghenews.cmread;
				PRODUCT_NAME = "和新闻";
				PROVISIONING_PROFILE = "";
			};
			name = Debug;
		};
		D3276AC31D2A397E00A249C9 /* Release */ = {
			isa = XCBuildConfiguration;
			baseConfigurationReference = D33A64301D62AF4900102968 /* ReleaseConfig.xcconfig */;
			buildSettings = {
				ASSETCATALOG_COMPILER_APPICON_NAME = AppIcon;
				ASSETCATALOG_COMPILER_LAUNCHIMAGE_NAME = LaunchImage;
				CODE_SIGN_IDENTITY = "iPhone Developer";
				"CODE_SIGN_IDENTITY[sdk=iphoneos*]" = "iPhone Developer";
				INFOPLIST_FILE = henews250/Info.plist;
				LD_RUNPATH_SEARCH_PATHS = "$(inherited) @executable_path/Frameworks";
				PRODUCT_BUNDLE_IDENTIFIER = com.nmghenews.cmread;
				PRODUCT_NAME = "和新闻";
				PROVISIONING_PROFILE = "";
			};
			name = Release;
		};
		D3276AC51D2A397E00A249C9 /* Debug */ = {
			isa = XCBuildConfiguration;
			buildSettings = {
				BUNDLE_LOADER = "$(TEST_HOST)";
				INFOPLIST_FILE = henews250Tests/Info.plist;
				LD_RUNPATH_SEARCH_PATHS = "$(inherited) @executable_path/Frameworks @loader_path/Frameworks";
				PRODUCT_BUNDLE_IDENTIFIER = mySelf.henews250Tests;
				PRODUCT_NAME = "$(TARGET_NAME)";
				TEST_HOST = "$(BUILT_PRODUCTS_DIR)/henews250.app/henews250";
			};
			name = Debug;
		};
		D3276AC61D2A397E00A249C9 /* Release */ = {
			isa = XCBuildConfiguration;
			buildSettings = {
				BUNDLE_LOADER = "$(TEST_HOST)";
				INFOPLIST_FILE = henews250Tests/Info.plist;
				LD_RUNPATH_SEARCH_PATHS = "$(inherited) @executable_path/Frameworks @loader_path/Frameworks";
				PRODUCT_BUNDLE_IDENTIFIER = mySelf.henews250Tests;
				PRODUCT_NAME = "$(TARGET_NAME)";
				TEST_HOST = "$(BUILT_PRODUCTS_DIR)/henews250.app/henews250";
			};
			name = Release;
		};
		D3276AC81D2A397E00A249C9 /* Debug */ = {
			isa = XCBuildConfiguration;
			buildSettings = {
				INFOPLIST_FILE = henews250UITests/Info.plist;
				LD_RUNPATH_SEARCH_PATHS = "$(inherited) @executable_path/Frameworks @loader_path/Frameworks";
				PRODUCT_BUNDLE_IDENTIFIER = mySelf.henews250UITests;
				PRODUCT_NAME = "$(TARGET_NAME)";
				TEST_TARGET_NAME = henews250;
			};
			name = Debug;
		};
		D3276AC91D2A397E00A249C9 /* Release */ = {
			isa = XCBuildConfiguration;
			buildSettings = {
				INFOPLIST_FILE = henews250UITests/Info.plist;
				LD_RUNPATH_SEARCH_PATHS = "$(inherited) @executable_path/Frameworks @loader_path/Frameworks";
				PRODUCT_BUNDLE_IDENTIFIER = mySelf.henews250UITests;
				PRODUCT_NAME = "$(TARGET_NAME)";
				TEST_TARGET_NAME = henews250;
			};
			name = Release;
		};
		D33A64291D62A77200102968 /* ReleaseTest */ = {
			isa = XCBuildConfiguration;
			buildSettings = {
				ALWAYS_SEARCH_USER_PATHS = NO;
				CLANG_ANALYZER_NONNULL = YES;
				CLANG_CXX_LANGUAGE_STANDARD = "gnu++0x";
				CLANG_CXX_LIBRARY = "libc++";
				CLANG_ENABLE_MODULES = YES;
				CLANG_ENABLE_OBJC_ARC = YES;
				CLANG_WARN_BOOL_CONVERSION = YES;
				CLANG_WARN_CONSTANT_CONVERSION = YES;
				CLANG_WARN_DIRECT_OBJC_ISA_USAGE = YES_ERROR;
				CLANG_WARN_EMPTY_BODY = YES;
				CLANG_WARN_ENUM_CONVERSION = YES;
				CLANG_WARN_INT_CONVERSION = YES;
				CLANG_WARN_OBJC_ROOT_CLASS = YES_ERROR;
				CLANG_WARN_UNREACHABLE_CODE = YES;
				CLANG_WARN__DUPLICATE_METHOD_MATCH = YES;
				"CODE_SIGN_IDENTITY[sdk=iphoneos*]" = "iPhone Developer";
				COPY_PHASE_STRIP = NO;
				DEBUG_INFORMATION_FORMAT = dwarf;
				ENABLE_STRICT_OBJC_MSGSEND = YES;
				ENABLE_TESTABILITY = YES;
				GCC_C_LANGUAGE_STANDARD = gnu99;
				GCC_DYNAMIC_NO_PIC = NO;
				GCC_NO_COMMON_BLOCKS = YES;
				GCC_OPTIMIZATION_LEVEL = 0;
				GCC_PREPROCESSOR_DEFINITIONS = "${CONFIG_FLAG}=1";
				GCC_WARN_64_TO_32_BIT_CONVERSION = YES;
				GCC_WARN_ABOUT_RETURN_TYPE = YES_ERROR;
				GCC_WARN_UNDECLARED_SELECTOR = YES;
				GCC_WARN_UNINITIALIZED_AUTOS = YES_AGGRESSIVE;
				GCC_WARN_UNUSED_FUNCTION = YES;
				GCC_WARN_UNUSED_VARIABLE = YES;
				IPHONEOS_DEPLOYMENT_TARGET = 9.3;
				MTL_ENABLE_DEBUG_INFO = YES;
				ONLY_ACTIVE_ARCH = YES;
				SDKROOT = iphoneos;
			};
			name = ReleaseTest;
		};
		D33A642A1D62A77200102968 /* ReleaseTest */ = {
			isa = XCBuildConfiguration;
			baseConfigurationReference = D33A64311D62AF6900102968 /* ReleaseTestConfig.xcconfig */;
			buildSettings = {
				ASSETCATALOG_COMPILER_APPICON_NAME = AppIcon;
				ASSETCATALOG_COMPILER_LAUNCHIMAGE_NAME = LaunchImage;
				CODE_SIGN_IDENTITY = "iPhone Developer";
				"CODE_SIGN_IDENTITY[sdk=iphoneos*]" = "iPhone Developer";
				INFOPLIST_FILE = henews250/Info.plist;
				LD_RUNPATH_SEARCH_PATHS = "$(inherited) @executable_path/Frameworks";
				PRODUCT_BUNDLE_IDENTIFIER = com.nmghenews.cmread;
				PRODUCT_NAME = "和新闻";
				PROVISIONING_PROFILE = "";
			};
			name = ReleaseTest;
		};
		D33A642B1D62A77200102968 /* ReleaseTest */ = {
			isa = XCBuildConfiguration;
			buildSettings = {
				BUNDLE_LOADER = "$(TEST_HOST)";
				INFOPLIST_FILE = henews250Tests/Info.plist;
				LD_RUNPATH_SEARCH_PATHS = "$(inherited) @executable_path/Frameworks @loader_path/Frameworks";
				PRODUCT_BUNDLE_IDENTIFIER = mySelf.henews250Tests;
				PRODUCT_NAME = "$(TARGET_NAME)";
				TEST_HOST = "$(BUILT_PRODUCTS_DIR)/henews250.app/henews250";
			};
			name = ReleaseTest;
		};
		D33A642C1D62A77200102968 /* ReleaseTest */ = {
			isa = XCBuildConfiguration;
			buildSettings = {
				INFOPLIST_FILE = henews250UITests/Info.plist;
				LD_RUNPATH_SEARCH_PATHS = "$(inherited) @executable_path/Frameworks @loader_path/Frameworks";
				PRODUCT_BUNDLE_IDENTIFIER = mySelf.henews250UITests;
				PRODUCT_NAME = "$(TARGET_NAME)";
				TEST_TARGET_NAME = henews250;
			};
			name = ReleaseTest;
		};
/* End XCBuildConfiguration section */

/* Begin XCConfigurationList section */
		D3276A8F1D2A397D00A249C9 /* Build configuration list for PBXProject "henews250" */ = {
			isa = XCConfigurationList;
			buildConfigurations = (
				D3276ABF1D2A397E00A249C9 /* Debug */,
				D33A64291D62A77200102968 /* ReleaseTest */,
				D3276AC01D2A397E00A249C9 /* Release */,
			);
			defaultConfigurationIsVisible = 0;
			defaultConfigurationName = Release;
		};
		D3276AC11D2A397E00A249C9 /* Build configuration list for PBXNativeTarget "henews250" */ = {
			isa = XCConfigurationList;
			buildConfigurations = (
				D3276AC21D2A397E00A249C9 /* Debug */,
				D33A642A1D62A77200102968 /* ReleaseTest */,
				D3276AC31D2A397E00A249C9 /* Release */,
			);
			defaultConfigurationIsVisible = 0;
			defaultConfigurationName = Release;
		};
		D3276AC41D2A397E00A249C9 /* Build configuration list for PBXNativeTarget "henews250Tests" */ = {
			isa = XCConfigurationList;
			buildConfigurations = (
				D3276AC51D2A397E00A249C9 /* Debug */,
				D33A642B1D62A77200102968 /* ReleaseTest */,
				D3276AC61D2A397E00A249C9 /* Release */,
			);
			defaultConfigurationIsVisible = 0;
			defaultConfigurationName = Release;
		};
		D3276AC71D2A397E00A249C9 /* Build configuration list for PBXNativeTarget "henews250UITests" */ = {
			isa = XCConfigurationList;
			buildConfigurations = (
				D3276AC81D2A397E00A249C9 /* Debug */,
				D33A642C1D62A77200102968 /* ReleaseTest */,
				D3276AC91D2A397E00A249C9 /* Release */,
			);
			defaultConfigurationIsVisible = 0;
			defaultConfigurationName = Release;
		};
/* End XCConfigurationList section */
	};
	rootObject = D3276A8C1D2A397D00A249C9 /* Project object */;
}
